#MicroXplorer Configuration settings - do not modify
Appli.IPs=CORTEX_M55_S,GPDMA1,HPDMA1,LINKEDLIST,RCC,RIF,GPIO,NVIC1\:I,SYS_S\:I,LTDC,DMA2D\:I,XSPIM,XSPI1,PWR\:I,SAU,SAI1,USART1,I2C2,SDMMC2,CSI,DCMIPP
Appli.Pins=PQ6,PC10,PE13,PE15,PD10,PD1,PE8,PE9,PC11,PC6,PE14,PE12,PE7,PE10,PH8,PC12,PC7,PD12,PD13,PH7,PQ3,PQ4,PQ5,PD0,PQ2,PQ1,PQ0,PH2,PD3,PC13,PH5,PB3,PE2,PE0,PE1,PQ7,PD11,PO1,PG7,PG6,PF10,PF7,PF3,PF5,PG4,PF11,PF1,PG14,PA6,PN12,PG3,PF13,PF0,PG15,PG1,PB1,PA3,PF12,PG12,PG10,PG2,PN7,PA12,PG11,PA4
CAD.formats=
CAD.pinconfig=
CAD.provider=
CORTEX_M55_S.CPU_DCache=Enabled
CORTEX_M55_S.CPU_ICache=Enabled
CORTEX_M55_S.IPParameters=CPU_ICache,CPU_DCache
CSI_CKN.GPIOParameters=PinAttribute
CSI_CKN.Locked=true
CSI_CKN.PinAttribute=Appli
CSI_CKN.Signal=CSI_CKN
CSI_CKP.GPIOParameters=PinAttribute
CSI_CKP.Locked=true
CSI_CKP.PinAttribute=Appli
CSI_CKP.Signal=CSI_CKP
CSI_D0N.GPIOParameters=PinAttribute
CSI_D0N.Locked=true
CSI_D0N.PinAttribute=Appli
CSI_D0N.Signal=CSI_D0N
CSI_D0P.GPIOParameters=PinAttribute
CSI_D0P.Locked=true
CSI_D0P.PinAttribute=Appli
CSI_D0P.Signal=CSI_D0P
CSI_D1N.GPIOParameters=PinAttribute
CSI_D1N.Locked=true
CSI_D1N.PinAttribute=Appli
CSI_D1N.Signal=CSI_D1N
CSI_D1P.GPIOParameters=PinAttribute
CSI_D1P.Locked=true
CSI_D1P.PinAttribute=Appli
CSI_D1P.Signal=CSI_D1P
CSI_REXT.GPIOParameters=PinAttribute
CSI_REXT.Locked=true
CSI_REXT.PinAttribute=Appli
CSI_REXT.Signal=CSI_REXT
DMA2D.ColorMode=DMA2D_OUTPUT_RGB565
DMA2D.IPParameters=Mode,ColorMode,InputColorModeForeground,InputAlphaForeground
DMA2D.InputAlphaForeground=255
DMA2D.InputColorModeForeground=DMA2D_INPUT_RGB565
DMA2D.Mode=DMA2D_M2M_PFC
ExtMemLoader.IPs=EXTMEM_LOADER,EXTMEM_MANAGER,RCC\:I,GPIO
FSBL.IPs=CORTEX_M55_FSBL,GPDMA1\:I,HDP,HPDMA1\:I,LINKEDLIST,RCC,GPIO\:I,NVIC\:I
File.Version=6
GPIO.groupedBy=Group By Peripherals
I2C2.IPParameters=Timing
I2C2.Timing=0x10707DBC
KeepUserPlacement=false
LTDC.ActiveH=600
LTDC.ActiveW=1024
LTDC.Alpha_L0=255
LTDC.HBP=140
LTDC.HFP=160
LTDC.HSync=20
LTDC.IPParameters=HSync,HBP,ActiveW,HFP,VSync,VBP,ActiveH,VFP,Layers,WindowX1_L0,WindowY1_L0,PixelFormat_L0,Alpha_L0,ImageWidth_L0,ImageHeight_L0
LTDC.ImageHeight_L0=600
LTDC.ImageWidth_L0=1024
LTDC.Layers=0
LTDC.PixelFormat_L0=LTDC_PIXEL_FORMAT_RGB565
LTDC.VBP=20
LTDC.VFP=12
LTDC.VSync=3
LTDC.WindowX1_L0=1024
LTDC.WindowY1_L0=600
Mcu.CPN=STM32N647X0H3Q
Mcu.Context0=FSBL
Mcu.Context1=Appli
Mcu.Context2=ExtMemLoader
Mcu.ContextNb=3
Mcu.ContextProject=FullSecure
Mcu.Family=STM32N6
Mcu.IP0=CORTEX_M55_FSBL
Mcu.IP1=CORTEX_M55_S
Mcu.IP10=RIF
Mcu.IP11=SAI1
Mcu.IP12=SDMMC2
Mcu.IP13=SYS_S
Mcu.IP14=USART1
Mcu.IP15=XSPI1
Mcu.IP16=XSPIM
Mcu.IP2=DCMIPP
Mcu.IP3=DMA2D
Mcu.IP4=I2C2
Mcu.IP5=LTDC
Mcu.IP6=NVIC1
Mcu.IP7=NVIC
Mcu.IP8=PWR
Mcu.IP9=RCC
Mcu.IPNb=17
Mcu.Name=STM32N647X0HxQ
Mcu.Package=VFBGA264
Mcu.Pin0=PQ6
Mcu.Pin1=PC10
Mcu.Pin10=PC6
Mcu.Pin100=PA11
Mcu.Pin101=PA2
Mcu.Pin102=PG12
Mcu.Pin103=PG10
Mcu.Pin104=PG2
Mcu.Pin105=PB4(NJTRST)
Mcu.Pin106=PG9
Mcu.Pin107=PN7
Mcu.Pin108=CSI_CKN
Mcu.Pin109=CSI_D1N
Mcu.Pin11=PC5
Mcu.Pin110=CSI_D0N
Mcu.Pin111=PA12
Mcu.Pin112=PA8
Mcu.Pin113=PG13
Mcu.Pin114=PA0
Mcu.Pin115=PB10
Mcu.Pin116=PG11
Mcu.Pin117=PA4
Mcu.Pin118=VP_DCMIPP_VS_PIPE1
Mcu.Pin119=VP_DMA2D_VS_DMA2D
Mcu.Pin12=PE14
Mcu.Pin120=VP_PWR_VS_SECSignals
Mcu.Pin121=VP_PWR_VS_LPOM
Mcu.Pin122=VP_PWR_VS_DBSignals
Mcu.Pin123=VP_PWR_VS_PowerVDDIO
Mcu.Pin124=VP_RIF_VS_RIF1
Mcu.Pin125=VP_SYS_S_VS_Systick
Mcu.Pin126=VP_XSPI1_VS_octo
Mcu.Pin127=VP_XSPIM_VS_IO
Mcu.Pin13=PE12
Mcu.Pin14=PE7
Mcu.Pin15=PD4
Mcu.Pin16=PE10
Mcu.Pin17=PH8
Mcu.Pin18=PC12
Mcu.Pin19=PC7
Mcu.Pin2=PC4
Mcu.Pin20=PC0
Mcu.Pin21=PE5
Mcu.Pin22=PD2
Mcu.Pin23=PD12
Mcu.Pin24=PD14
Mcu.Pin25=PD13
Mcu.Pin26=PH7
Mcu.Pin27=PQ3
Mcu.Pin28=PQ4
Mcu.Pin29=PQ5
Mcu.Pin3=PE13
Mcu.Pin30=PE4
Mcu.Pin31=PE6
Mcu.Pin32=PD0
Mcu.Pin33=PB15
Mcu.Pin34=PQ2
Mcu.Pin35=PQ1
Mcu.Pin36=PQ0
Mcu.Pin37=PH2
Mcu.Pin38=PC3
Mcu.Pin39=PD3
Mcu.Pin4=PE15
Mcu.Pin40=PB0
Mcu.Pin41=PB7
Mcu.Pin42=PB6
Mcu.Pin43=PC13
Mcu.Pin44=PH4
Mcu.Pin45=PH5
Mcu.Pin46=PB3
Mcu.Pin47=PE3
Mcu.Pin48=PE2
Mcu.Pin49=PE0
Mcu.Pin5=PD10
Mcu.Pin50=PE1
Mcu.Pin51=PQ7
Mcu.Pin52=PD11
Mcu.Pin53=PP7
Mcu.Pin54=PP6
Mcu.Pin55=PP0
Mcu.Pin56=PP4
Mcu.Pin57=PP1
Mcu.Pin58=PP5
Mcu.Pin59=PP3
Mcu.Pin6=PD1
Mcu.Pin60=PP2
Mcu.Pin61=PO5
Mcu.Pin62=PO1
Mcu.Pin63=PO2
Mcu.Pin64=PG7
Mcu.Pin65=PG6
Mcu.Pin66=PF10
Mcu.Pin67=PF7
Mcu.Pin68=PF3
Mcu.Pin69=PF5
Mcu.Pin7=PE8
Mcu.Pin70=PO0
Mcu.Pin71=PF8
Mcu.Pin72=PO4
Mcu.Pin73=PF9
Mcu.Pin74=PG4
Mcu.Pin75=PF11
Mcu.Pin76=PF1
Mcu.Pin77=CSI_REXT
Mcu.Pin78=PG14
Mcu.Pin79=PA9
Mcu.Pin8=PE9
Mcu.Pin80=PA6
Mcu.Pin81=PA1
Mcu.Pin82=PB11
Mcu.Pin83=PA15(JTDI)
Mcu.Pin84=PN12
Mcu.Pin85=PG3
Mcu.Pin86=PF13
Mcu.Pin87=PF0
Mcu.Pin88=PG15
Mcu.Pin89=PA10
Mcu.Pin9=PC11
Mcu.Pin90=PA5
Mcu.Pin91=PG1
Mcu.Pin92=PB12
Mcu.Pin93=PB1
Mcu.Pin94=PG0
Mcu.Pin95=PA3
Mcu.Pin96=PF12
Mcu.Pin97=CSI_CKP
Mcu.Pin98=CSI_D1P
Mcu.Pin99=CSI_D0P
Mcu.PinsNb=128
Mcu.ThirdPartyNb=0
Mcu.UserConstants=
Mcu.UserName=STM32N647X0HxQ
MxCube.Version=6.16.0
MxDb.Version=DB.6.0.160
NVIC.BFHFNMINS=0
NVIC.BusFault_IRQn=true\:0\:0\:false\:false\:true\:false\:false\:false
NVIC.DebugMonitor_IRQn=true\:0\:0\:false\:false\:true\:false\:false\:false
NVIC.ForceEnableDMAVector=true
NVIC.HardFault_IRQn=true\:0\:0\:false\:false\:true\:false\:false\:false
NVIC.MemoryManagement_IRQn=true\:0\:0\:false\:false\:true\:false\:false\:false
NVIC.NonMaskableInt_IRQn=true\:0\:0\:false\:false\:true\:false\:false\:false
NVIC.PRIS=0
NVIC.PendSV_IRQn=true\:0\:0\:false\:false\:true\:false\:false\:false
NVIC.PriorityGroup=NVIC_PRIORITYGROUP_4
NVIC.SVCall_IRQn=true\:0\:0\:false\:false\:true\:false\:false\:false
NVIC.SecureFault_IRQn=true\:0\:0\:false\:false\:true\:false\:false\:false
NVIC.SysTick_IRQn=true\:15\:0\:false\:false\:true\:false\:true\:false
NVIC.UsageFault_IRQn=true\:0\:0\:false\:false\:true\:false\:false\:false
NVIC1.BFHFNMINS=0
NVIC1.BusFault_IRQn=true\:0\:0\:false\:false\:true\:false\:false\:false
NVIC1.DebugMonitor_IRQn=true\:0\:0\:false\:false\:true\:false\:false\:false
NVIC1.ForceEnableDMAVector=true
NVIC1.HardFault_IRQn=true\:0\:0\:false\:false\:true\:false\:false\:false
NVIC1.MemoryManagement_IRQn=true\:0\:0\:false\:false\:true\:false\:false\:false
NVIC1.NonMaskableInt_IRQn=true\:0\:0\:false\:false\:true\:false\:false\:false
NVIC1.PRIS=0
NVIC1.PendSV_IRQn=true\:0\:0\:false\:false\:true\:false\:false\:false
NVIC1.PriorityGroup=NVIC_PRIORITYGROUP_4
NVIC1.SVCall_IRQn=true\:0\:0\:false\:false\:true\:false\:false\:false
NVIC1.SecureFault_IRQn=true\:0\:0\:false\:false\:true\:false\:false\:false
NVIC1.SysTick_IRQn=true\:15\:0\:false\:false\:true\:false\:true\:false
NVIC1.USART1_IRQn=true\:0\:0\:false\:false\:true\:true\:true\:true
NVIC1.UsageFault_IRQn=true\:0\:0\:false\:false\:true\:false\:false\:false
PA0.GPIOParameters=GPIO_Speed,PinAttribute
PA0.GPIO_Speed=GPIO_SPEED_FREQ_VERY_HIGH
PA0.Locked=true
PA0.Mode=RGB565
PA0.PinAttribute=Appli
PA0.Signal=LTDC_G3
PA1.GPIOParameters=GPIO_Speed,PinAttribute
PA1.GPIO_Speed=GPIO_SPEED_FREQ_VERY_HIGH
PA1.Locked=true
PA1.Mode=RGB565
PA1.PinAttribute=Appli
PA1.Signal=LTDC_G2
PA10.GPIOParameters=GPIO_Speed,PinAttribute
PA10.GPIO_Speed=GPIO_SPEED_FREQ_VERY_HIGH
PA10.Locked=true
PA10.Mode=RGB565
PA10.PinAttribute=Appli
PA10.Signal=LTDC_B4
PA11.GPIOParameters=GPIO_Speed,PinAttribute
PA11.GPIO_Speed=GPIO_SPEED_FREQ_VERY_HIGH
PA11.Locked=true
PA11.Mode=RGB565
PA11.PinAttribute=Appli
PA11.Signal=LTDC_B3
PA12.ContextOwner=Appli
PA12.GPIOParameters=GPIO_Label,PinAttribute
PA12.GPIO_Label=EXP_GPIO_PA12
PA12.Locked=true
PA12.PinAttribute=Appli
PA12.Signal=GPIO_Input
PA15(JTDI).GPIOParameters=GPIO_Speed,PinAttribute
PA15(JTDI).GPIO_Speed=GPIO_SPEED_FREQ_VERY_HIGH
PA15(JTDI).Locked=true
PA15(JTDI).Mode=RGB565
PA15(JTDI).PinAttribute=Appli
PA15(JTDI).Signal=LTDC_R5
PA2.GPIOParameters=GPIO_Speed,PinAttribute
PA2.GPIO_Speed=GPIO_SPEED_FREQ_VERY_HIGH
PA2.Locked=true
PA2.Mode=RGB565
PA2.PinAttribute=Appli
PA2.Signal=LTDC_B7
PA3.ContextOwner=Appli
PA3.GPIOParameters=GPIO_Speed,PinState,GPIO_PuPd,GPIO_ModeDefaultOutputPP,PinAttribute
PA3.GPIO_ModeDefaultOutputPP=GPIO_MODE_OUTPUT_PP
PA3.GPIO_PuPd=GPIO_PULLUP
PA3.GPIO_Speed=GPIO_SPEED_FREQ_LOW
PA3.Locked=true
PA3.PinAttribute=Appli
PA3.PinState=GPIO_PIN_RESET
PA3.Signal=GPIO_Output
PA4.ContextOwner=Appli
PA4.GPIOParameters=GPIO_Label,PinAttribute
PA4.GPIO_Label=USB1_EN
PA4.Locked=true
PA4.PinAttribute=Appli
PA4.Signal=GPIO_Output
PA5.GPIOParameters=GPIO_Speed,PinAttribute
PA5.GPIO_Speed=GPIO_SPEED_FREQ_VERY_HIGH
PA5.Locked=true
PA5.Mode=RGB565
PA5.PinAttribute=Appli
PA5.Signal=LTDC_CLK
PA6.ContextOwner=Appli
PA6.GPIOParameters=GPIO_Label,PinAttribute
PA6.GPIO_Label=BOOT1
PA6.Locked=true
PA6.PinAttribute=Appli
PA6.Signal=GPIO_Input
PA8.GPIOParameters=GPIO_Speed,PinAttribute
PA8.GPIO_Speed=GPIO_SPEED_FREQ_VERY_HIGH
PA8.Locked=true
PA8.Mode=RGB565
PA8.PinAttribute=Appli
PA8.Signal=LTDC_B6
PA9.GPIOParameters=GPIO_Speed,PinAttribute
PA9.GPIO_Speed=GPIO_SPEED_FREQ_VERY_HIGH
PA9.Locked=true
PA9.Mode=RGB565
PA9.PinAttribute=Appli
PA9.Signal=LTDC_B5
PB0.GPIOParameters=PinAttribute
PB0.Locked=true
PB0.Mode=SAI_A_Master
PB0.PinAttribute=Appli
PB0.Signal=SAI1_FS_A
PB1.ContextOwner=Appli
PB1.GPIOParameters=GPIO_Label,PinAttribute
PB1.GPIO_Label=EXP_GPIO_PB1
PB1.Locked=true
PB1.PinAttribute=Appli
PB1.Signal=GPIO_Input
PB10.GPIOParameters=GPIO_Speed,PinAttribute
PB10.GPIO_Speed=GPIO_SPEED_FREQ_VERY_HIGH
PB10.Locked=true
PB10.Mode=RGB565
PB10.PinAttribute=Appli
PB10.Signal=LTDC_G7
PB11.GPIOParameters=GPIO_Speed,PinAttribute
PB11.GPIO_Speed=GPIO_SPEED_FREQ_VERY_HIGH
PB11.Locked=true
PB11.Mode=RGB565
PB11.PinAttribute=Appli
PB11.Signal=LTDC_G6
PB12.GPIOParameters=GPIO_Speed,PinAttribute
PB12.GPIO_Speed=GPIO_SPEED_FREQ_VERY_HIGH
PB12.Locked=true
PB12.Mode=RGB565
PB12.PinAttribute=Appli
PB12.Signal=LTDC_G5
PB15.GPIOParameters=GPIO_Speed,PinAttribute
PB15.GPIO_Speed=GPIO_SPEED_FREQ_VERY_HIGH
PB15.Locked=true
PB15.Mode=RGB565
PB15.PinAttribute=Appli
PB15.Signal=LTDC_G4
PB3.ContextOwner=Appli
PB3.GPIOParameters=GPIO_Label,PinAttribute
PB3.GPIO_Label=EXP_GPIO_PB3
PB3.Locked=true
PB3.PinAttribute=Appli
PB3.Signal=GPIO_Input
PB4(NJTRST).GPIOParameters=GPIO_Speed,PinAttribute
PB4(NJTRST).GPIO_Speed=GPIO_SPEED_FREQ_VERY_HIGH
PB4(NJTRST).Locked=true
PB4(NJTRST).Mode=RGB565
PB4(NJTRST).PinAttribute=Appli
PB4(NJTRST).Signal=LTDC_R3
PB6.GPIOParameters=PinAttribute
PB6.Locked=true
PB6.Mode=SAI_A_Master
PB6.PinAttribute=Appli
PB6.Signal=SAI1_SCK_A
PB7.GPIOParameters=PinAttribute
PB7.Locked=true
PB7.Mode=SAI_A_Master
PB7.PinAttribute=Appli
PB7.Signal=SAI1_SD_A
PC0.GPIOParameters=PinAttribute
PC0.Locked=true
PC0.Mode=SD_4_bits_Wide_bus
PC0.PinAttribute=Appli
PC0.Signal=SDMMC2_D2
PC10.ContextOwner=Appli
PC10.GPIOParameters=GPIO_Label,PinAttribute
PC10.GPIO_Label=EXP_GPIO_PC10
PC10.Locked=true
PC10.PinAttribute=Appli
PC10.Signal=GPIO_Input
PC11.ContextOwner=Appli
PC11.GPIOParameters=GPIO_Label,PinAttribute
PC11.GPIO_Label=EXP_GPIO_PC11
PC11.Locked=true
PC11.PinAttribute=Appli
PC11.Signal=GPIO_Input
PC12.ContextOwner=Appli
PC12.GPIOParameters=GPIO_Label,PinAttribute
PC12.GPIO_Label=EXP_GPIO_PC12
PC12.Locked=true
PC12.PinAttribute=Appli
PC12.Signal=GPIO_Input
PC13.ContextOwner=Appli
PC13.GPIOParameters=GPIO_Label,PinAttribute
PC13.GPIO_Label=TAMP
PC13.Locked=true
PC13.PinAttribute=Appli
PC13.Signal=GPIO_Input
PC3.GPIOParameters=PinAttribute
PC3.Locked=true
PC3.Mode=SD_4_bits_Wide_bus
PC3.PinAttribute=Appli
PC3.Signal=SDMMC2_CMD
PC4.GPIOParameters=PinAttribute
PC4.Locked=true
PC4.Mode=SD_4_bits_Wide_bus
PC4.PinAttribute=Appli
PC4.Signal=SDMMC2_D0
PC5.GPIOParameters=PinAttribute
PC5.Locked=true
PC5.Mode=SD_4_bits_Wide_bus
PC5.PinAttribute=Appli
PC5.Signal=SDMMC2_D1
PC6.ContextOwner=Appli
PC6.GPIOParameters=GPIO_Label,PinAttribute
PC6.GPIO_Label=MIC_SHDNZ
PC6.Locked=true
PC6.PinAttribute=Appli
PC6.Signal=GPIO_Output
PC7.ContextOwner=Appli
PC7.GPIOParameters=GPIO_Label,PinAttribute
PC7.GPIO_Label=EXP_GPIO_PC7
PC7.Locked=true
PC7.PinAttribute=Appli
PC7.Signal=GPIO_Input
PCC.Checker=false
PCC.Line=STM32N6x7
PCC.MCU=STM32N647X0HxQ
PCC.PartNumber=STM32N647X0HxQ
PCC.Series=STM32N6
PCC.Temperature=25
PCC.Vdd=1.8
PD0.ContextOwner=Appli
PD0.GPIOParameters=GPIO_Label,PinAttribute
PD0.GPIO_Label=CAM_EN_MODULE
PD0.Locked=true
PD0.PinAttribute=Appli
PD0.Signal=GPIO_Output
PD1.ContextOwner=Appli
PD1.GPIOParameters=GPIO_Label,PinAttribute
PD1.GPIO_Label=EXP_ALT_ETH_PD1
PD1.Locked=true
PD1.PinAttribute=Appli
PD1.Signal=GPIO_Input
PD10.ContextOwner=Appli
PD10.GPIOParameters=GPIO_Label,PinAttribute
PD10.GPIO_Label=UCPD1_INT
PD10.Locked=true
PD10.PinAttribute=Appli
PD10.Signal=GPIO_Input
PD11.ContextOwner=Appli
PD11.GPIOParameters=GPIO_Label,PinAttribute
PD11.GPIO_Label=EXP_GPIO_PD11
PD11.Locked=true
PD11.PinAttribute=Appli
PD11.Signal=GPIO_Input
PD12.ContextOwner=Appli
PD12.GPIOParameters=GPIO_Label,PinAttribute
PD12.GPIO_Label=EXP_ALT_ETH_PD12
PD12.Locked=true
PD12.PinAttribute=Appli
PD12.Signal=GPIO_Input
PD13.ContextOwner=Appli
PD13.GPIOParameters=GPIO_Label,PinAttribute
PD13.GPIO_Label=EXP_GPIO_PD13
PD13.Locked=true
PD13.PinAttribute=Appli
PD13.Signal=GPIO_Input
PD14.GPIOParameters=PinAttribute
PD14.Locked=true
PD14.Mode=I2C
PD14.PinAttribute=Appli
PD14.Signal=I2C2_SCL
PD2.GPIOParameters=PinAttribute
PD2.Locked=true
PD2.Mode=SD_4_bits_Wide_bus
PD2.PinAttribute=Appli
PD2.Signal=SDMMC2_CK
PD3.ContextOwner=Appli
PD3.GPIOParameters=GPIO_Label,PinAttribute
PD3.GPIO_Label=EXP_GPIO_PD3
PD3.Locked=true
PD3.PinAttribute=Appli
PD3.Signal=GPIO_Input
PD4.GPIOParameters=PinAttribute
PD4.Locked=true
PD4.Mode=I2C
PD4.PinAttribute=Appli
PD4.Signal=I2C2_SDA
PE0.ContextOwner=Appli
PE0.GPIOParameters=GPIO_Label,PinAttribute
PE0.GPIO_Label=USER1
PE0.Locked=true
PE0.PinAttribute=Appli
PE0.Signal=GPIO_Input
PE1.ContextOwner=Appli
PE1.GPIOParameters=GPIO_Label,PinAttribute
PE1.GPIO_Label=LCD_NRST
PE1.Locked=true
PE1.PinAttribute=Appli
PE1.Signal=GPIO_Output
PE10.ContextOwner=Appli
PE10.GPIOParameters=GPIO_Speed,PinState,GPIO_PuPd,GPIO_ModeDefaultOutputPP,PinAttribute
PE10.GPIO_ModeDefaultOutputPP=GPIO_MODE_OUTPUT_PP
PE10.GPIO_PuPd=GPIO_PULLDOWN
PE10.GPIO_Speed=GPIO_SPEED_FREQ_LOW
PE10.Locked=true
PE10.PinAttribute=Appli
PE10.PinState=GPIO_PIN_SET
PE10.Signal=GPIO_Output
PE12.ContextOwner=Appli
PE12.GPIOParameters=GPIO_Label,PinAttribute
PE12.GPIO_Label=EXP_GPIO_PE12
PE12.Locked=true
PE12.PinAttribute=Appli
PE12.Signal=GPIO_Input
PE13.ContextOwner=Appli
PE13.GPIOParameters=GPIO_Label,PinAttribute
PE13.GPIO_Label=EXP_GPIO_PE13
PE13.Locked=true
PE13.PinAttribute=Appli
PE13.Signal=GPIO_Input
PE14.ContextOwner=Appli
PE14.GPIOParameters=GPIO_Label,PinAttribute
PE14.GPIO_Label=CAM_LED_EN
PE14.Locked=true
PE14.PinAttribute=Appli
PE14.Signal=GPIO_Output
PE15.ContextOwner=Appli
PE15.GPIOParameters=GPIO_Label,PinAttribute
PE15.GPIO_Label=EXP_GPIO_PE15
PE15.Locked=true
PE15.PinAttribute=Appli
PE15.Signal=GPIO_Input
PE2.ContextOwner=Appli
PE2.GPIOParameters=GPIO_Label,PinAttribute
PE2.GPIO_Label=USER2
PE2.Locked=true
PE2.PinAttribute=Appli
PE2.Signal=GPIO_Input
PE3.GPIOParameters=PinAttribute
PE3.Locked=true
PE3.Mode=SAI_B_SyncSlave
PE3.PinAttribute=Appli
PE3.Signal=SAI1_SD_B
PE4.GPIOParameters=PinAttribute
PE4.Locked=true
PE4.Mode=SD_4_bits_Wide_bus
PE4.PinAttribute=Appli
PE4.Signal=SDMMC2_D3
PE5.GPIOParameters=PinAttribute
PE5.Locked=true
PE5.Mode=Asynchronous
PE5.PinAttribute=Appli
PE5.Signal=USART1_TX
PE6.GPIOParameters=PinAttribute
PE6.Locked=true
PE6.Mode=Asynchronous
PE6.PinAttribute=Appli
PE6.Signal=USART1_RX
PE7.ContextOwner=Appli
PE7.GPIOParameters=GPIO_Label,PinAttribute
PE7.GPIO_Label=EXP_GPIO_PE7
PE7.Locked=true
PE7.PinAttribute=Appli
PE7.Signal=GPIO_Input
PE8.ContextOwner=Appli
PE8.GPIOParameters=GPIO_Label,PinAttribute
PE8.GPIO_Label=CTP_RST
PE8.Locked=true
PE8.PinAttribute=Appli
PE8.Signal=GPIO_Output
PE9.ContextOwner=Appli
PE9.GPIOParameters=GPIO_Label,PinAttribute
PE9.GPIO_Label=LCD_BL_PWM
PE9.Locked=true
PE9.PinAttribute=Appli
PE9.Signal=GPIO_Output
PF0.ContextOwner=Appli
PF0.GPIOParameters=GPIO_Label,PinAttribute
PF0.GPIO_Label=SPI2_CS0
PF0.Locked=true
PF0.PinAttribute=Appli
PF0.Signal=GPIO_Output
PF1.ContextOwner=Appli
PF1.GPIOParameters=GPIO_Label,PinAttribute
PF1.GPIO_Label=EXP_GPIO_PF1
PF1.Locked=true
PF1.PinAttribute=Appli
PF1.Signal=GPIO_Input
PF10.ContextOwner=Appli
PF10.GPIOParameters=GPIO_Label,PinAttribute
PF10.GPIO_Label=EXP_ALT_ETH_PF10
PF10.Locked=true
PF10.PinAttribute=Appli
PF10.Signal=GPIO_Input
PF11.ContextOwner=Appli
PF11.GPIOParameters=GPIO_Label,PinAttribute
PF11.GPIO_Label=EXP_ALT_ETH_PF11
PF11.Locked=true
PF11.PinAttribute=Appli
PF11.Signal=GPIO_Input
PF12.ContextOwner=Appli
PF12.GPIOParameters=GPIO_Label,PinAttribute
PF12.GPIO_Label=EXP_ALT_ETH_PF12
PF12.Locked=true
PF12.PinAttribute=Appli
PF12.Signal=GPIO_Input
PF13.ContextOwner=Appli
PF13.GPIOParameters=GPIO_Label,PinAttribute
PF13.GPIO_Label=EXP_ALT_ETH_PF13
PF13.Locked=true
PF13.PinAttribute=Appli
PF13.Signal=GPIO_Input
PF3.ContextOwner=Appli
PF3.GPIOParameters=GPIO_Label,PinAttribute
PF3.GPIO_Label=EXP_GPIO_PF3
PF3.Locked=true
PF3.PinAttribute=Appli
PF3.Signal=GPIO_Input
PF5.ContextOwner=Appli
PF5.GPIOParameters=GPIO_Label,PinAttribute
PF5.GPIO_Label=EXP_GPIO_PF5
PF5.Locked=true
PF5.PinAttribute=Appli
PF5.Signal=GPIO_Input
PF7.ContextOwner=Appli
PF7.GPIOParameters=GPIO_Label,PinAttribute
PF7.GPIO_Label=EXP_ALT_ETH_PF7
PF7.Locked=true
PF7.PinAttribute=Appli
PF7.Signal=GPIO_Input
PF8.GPIOParameters=GPIO_Speed,PinAttribute
PF8.GPIO_Speed=GPIO_SPEED_FREQ_VERY_HIGH
PF8.Locked=true
PF8.Mode=RGB565
PF8.PinAttribute=Appli
PF8.Signal=LTDC_R6
PF9.GPIOParameters=GPIO_Speed,PinAttribute
PF9.GPIO_Speed=GPIO_SPEED_FREQ_VERY_HIGH
PF9.Locked=true
PF9.Mode=RGB565
PF9.PinAttribute=Appli
PF9.Signal=LTDC_HSYNC
PG0.GPIOParameters=GPIO_Speed,PinAttribute
PG0.GPIO_Speed=GPIO_SPEED_FREQ_VERY_HIGH
PG0.Locked=true
PG0.Mode=RGB565
PG0.PinAttribute=Appli
PG0.Signal=LTDC_VSYNC
PG1.ContextOwner=Appli
PG1.GPIOParameters=GPIO_Label,PinAttribute
PG1.GPIO_Label=EXP_GPIO_PG1
PG1.Locked=true
PG1.PinAttribute=Appli
PG1.Signal=GPIO_Input
PG10.ContextOwner=Appli
PG10.GPIOParameters=GPIO_Speed,PinState,GPIO_PuPd,GPIO_Label,GPIO_ModeDefaultOutputPP,PinAttribute
PG10.GPIO_Label=LED2
PG10.GPIO_ModeDefaultOutputPP=GPIO_MODE_OUTPUT_PP
PG10.GPIO_PuPd=GPIO_PULLDOWN
PG10.GPIO_Speed=GPIO_SPEED_FREQ_LOW
PG10.Locked=true
PG10.PinAttribute=Appli
PG10.PinState=GPIO_PIN_SET
PG10.Signal=GPIO_Output
PG11.ContextOwner=Appli
PG11.GPIOParameters=GPIO_Label,PinAttribute
PG11.GPIO_Label=EXP_ALT_ETH_PG11
PG11.Locked=true
PG11.PinAttribute=Appli
PG11.Signal=GPIO_Input
PG12.ContextOwner=Appli
PG12.GPIOParameters=GPIO_Label,PinAttribute
PG12.GPIO_Label=EXP_ALT_ETH_PG12
PG12.Locked=true
PG12.PinAttribute=Appli
PG12.Signal=GPIO_Input
PG13.GPIOParameters=GPIO_Speed,PinAttribute
PG13.GPIO_Speed=GPIO_SPEED_FREQ_VERY_HIGH
PG13.Locked=true
PG13.Mode=RGB565
PG13.PinAttribute=Appli
PG13.Signal=LTDC_DE
PG14.ContextOwner=Appli
PG14.GPIOParameters=GPIO_Label,PinAttribute
PG14.GPIO_Label=EXP_GPIO_PG14
PG14.Locked=true
PG14.PinAttribute=Appli
PG14.Signal=GPIO_Input
PG15.ContextOwner=Appli
PG15.GPIOParameters=GPIO_Label,PinAttribute
PG15.GPIO_Label=EXP_GPIO_PG15
PG15.Locked=true
PG15.PinAttribute=Appli
PG15.Signal=GPIO_Input
PG2.ContextOwner=Appli
PG2.GPIOParameters=GPIO_Label,PinAttribute
PG2.GPIO_Label=EXP_GPIO_PG2
PG2.Locked=true
PG2.PinAttribute=Appli
PG2.Signal=GPIO_Input
PG3.ContextOwner=Appli
PG3.GPIOParameters=GPIO_Label,PinAttribute
PG3.GPIO_Label=EXP_GPIO_PG3
PG3.Locked=true
PG3.PinAttribute=Appli
PG3.Signal=GPIO_Input
PG4.ContextOwner=Appli
PG4.GPIOParameters=GPIO_Label,PinAttribute
PG4.GPIO_Label=EXP_GPIO_PG4
PG4.Locked=true
PG4.PinAttribute=Appli
PG4.Signal=GPIO_Input
PG6.ContextOwner=Appli
PG6.GPIOParameters=GPIO_Label,PinAttribute
PG6.GPIO_Label=EXP_GPIO_PG6
PG6.Locked=true
PG6.PinAttribute=Appli
PG6.Signal=GPIO_Input
PG7.ContextOwner=Appli
PG7.GPIOParameters=GPIO_Label,PinAttribute
PG7.GPIO_Label=EXP_GPIO_PG7
PG7.Locked=true
PG7.PinAttribute=Appli
PG7.Signal=GPIO_Input
PG9.GPIOParameters=GPIO_Speed,PinAttribute
PG9.GPIO_Speed=GPIO_SPEED_FREQ_VERY_HIGH
PG9.Locked=true
PG9.Mode=RGB565
PG9.PinAttribute=Appli
PG9.Signal=LTDC_R7
PH2.ContextOwner=Appli
PH2.GPIOParameters=GPIO_Label,PinAttribute
PH2.GPIO_Label=EXP_GPIO_PH2
PH2.Locked=true
PH2.PinAttribute=Appli
PH2.Signal=GPIO_Input
PH4.GPIOParameters=GPIO_Speed,PinAttribute
PH4.GPIO_Speed=GPIO_SPEED_FREQ_VERY_HIGH
PH4.Locked=true
PH4.Mode=RGB565
PH4.PinAttribute=Appli
PH4.Signal=LTDC_R4
PH5.ContextOwner=Appli
PH5.GPIOParameters=GPIO_Label,PinAttribute
PH5.GPIO_Label=EXP_GPIO_PH5
PH5.Locked=true
PH5.PinAttribute=Appli
PH5.Signal=GPIO_Input
PH7.ContextOwner=Appli
PH7.GPIOParameters=GPIO_Label,PinAttribute
PH7.GPIO_Label=EXT_SMPS_MODE
PH7.Locked=true
PH7.PinAttribute=Appli
PH7.Signal=GPIO_Output
PH8.ContextOwner=Appli
PH8.GPIOParameters=GPIO_Label,PinAttribute
PH8.GPIO_Label=EXP_GPIO_PH8
PH8.Locked=true
PH8.PinAttribute=Appli
PH8.Signal=GPIO_Input
PN12.ContextOwner=Appli
PN12.GPIOParameters=GPIO_Label,PinAttribute
PN12.GPIO_Label=SD_DET
PN12.Locked=true
PN12.PinAttribute=Appli
PN12.Signal=GPIO_Input
PN7.ContextOwner=Appli
PN7.GPIOParameters=GPIO_Label,PinAttribute
PN7.GPIO_Label=UCPD1_VSENSE
PN7.Locked=true
PN7.PinAttribute=Appli
PN7.Signal=GPIO_Input
PO0.GPIOParameters=PinAttribute
PO0.Locked=true
PO0.Mode=XSPI1_NCS1_Port1
PO0.PinAttribute=Appli
PO0.Signal=XSPIM_P1_NCS1
PO1.ContextOwner=Appli
PO1.GPIOParameters=GPIO_Label,PinAttribute
PO1.GPIO_Label=LED1
PO1.Locked=true
PO1.PinAttribute=Appli
PO1.Signal=GPIO_Output
PO2.GPIOParameters=PinAttribute
PO2.Locked=true
PO2.Mode=XSPI1_Port1Octo
PO2.PinAttribute=Appli
PO2.Signal=XSPIM_P1_DQS0
PO4.GPIOParameters=PinAttribute
PO4.Locked=true
PO4.Mode=XSPI1_Port1Octo
PO4.PinAttribute=Appli
PO4.Signal=XSPIM_P1_CLK
PO5.GPIOParameters=PinAttribute
PO5.Locked=true
PO5.Mode=XSPI1_Port1_NCLK
PO5.PinAttribute=Appli
PO5.Signal=XSPIM_P1_NCLK
PP0.GPIOParameters=PinAttribute
PP0.Locked=true
PP0.Mode=XSPI1_Port1Octo
PP0.PinAttribute=Appli
PP0.Signal=XSPIM_P1_IO0
PP1.GPIOParameters=PinAttribute
PP1.Locked=true
PP1.Mode=XSPI1_Port1Octo
PP1.PinAttribute=Appli
PP1.Signal=XSPIM_P1_IO1
PP2.GPIOParameters=PinAttribute
PP2.Locked=true
PP2.Mode=XSPI1_Port1Octo
PP2.PinAttribute=Appli
PP2.Signal=XSPIM_P1_IO2
PP3.GPIOParameters=PinAttribute
PP3.Locked=true
PP3.Mode=XSPI1_Port1Octo
PP3.PinAttribute=Appli
PP3.Signal=XSPIM_P1_IO3
PP4.GPIOParameters=PinAttribute
PP4.Locked=true
PP4.Mode=XSPI1_Port1Octo
PP4.PinAttribute=Appli
PP4.Signal=XSPIM_P1_IO4
PP5.GPIOParameters=PinAttribute
PP5.Locked=true
PP5.Mode=XSPI1_Port1Octo
PP5.PinAttribute=Appli
PP5.Signal=XSPIM_P1_IO5
PP6.GPIOParameters=PinAttribute
PP6.Locked=true
PP6.Mode=XSPI1_Port1Octo
PP6.PinAttribute=Appli
PP6.Signal=XSPIM_P1_IO6
PP7.GPIOParameters=PinAttribute
PP7.Locked=true
PP7.Mode=XSPI1_Port1Octo
PP7.PinAttribute=Appli
PP7.Signal=XSPIM_P1_IO7
PQ0.ContextOwner=Appli
PQ0.GPIOParameters=GPIO_Label,PinAttribute
PQ0.GPIO_Label=EXP_GPIO_PQ0
PQ0.Locked=true
PQ0.PinAttribute=Appli
PQ0.Signal=GPIO_Input
PQ1.ContextOwner=Appli
PQ1.GPIOParameters=GPIO_Label,PinAttribute
PQ1.GPIO_Label=EXP_GPIO_PQ1
PQ1.Locked=true
PQ1.PinAttribute=Appli
PQ1.Signal=GPIO_Input
PQ2.ContextOwner=Appli
PQ2.GPIOParameters=GPIO_Label,PinAttribute
PQ2.GPIO_Label=EXP_GPIO_PQ2
PQ2.Locked=true
PQ2.PinAttribute=Appli
PQ2.Signal=GPIO_Input
PQ3.ContextOwner=Appli
PQ3.GPIOParameters=GPIO_Label,PinAttribute
PQ3.GPIO_Label=EXP_GPIO_PQ3
PQ3.Locked=true
PQ3.PinAttribute=Appli
PQ3.Signal=GPIO_Input
PQ4.ContextOwner=Appli
PQ4.GPIOParameters=GPIO_Label,PinAttribute
PQ4.GPIO_Label=CTP_INT
PQ4.Locked=true
PQ4.PinAttribute=Appli
PQ4.Signal=GPIO_Input
PQ5.ContextOwner=Appli
PQ5.GPIOParameters=GPIO_Label,PinAttribute
PQ5.GPIO_Label=EXP_GPIO_PQ5
PQ5.Locked=true
PQ5.PinAttribute=Appli
PQ5.Signal=GPIO_Input
PQ6.ContextOwner=Appli
PQ6.GPIOParameters=GPIO_Label,PinAttribute
PQ6.GPIO_Label=EXP_GPIO_PQ6
PQ6.Locked=true
PQ6.PinAttribute=Appli
PQ6.Signal=GPIO_Input
PQ7.ContextOwner=Appli
PQ7.GPIOParameters=GPIO_Label,PinAttribute
PQ7.GPIO_Label=PWR_SD_EN
PQ7.Locked=true
PQ7.PinAttribute=Appli
PQ7.Signal=GPIO_Output
PWR.IPParameters=PowerDomain3,PowerDomain2
PWR.PowerDomain2=PWR_VDDIO_RANGE_1V8
PWR.PowerDomain3=PWR_VDDIO_RANGE_1V8
PinOutPanel.CurrentBGAView=Top
PinOutPanel.RotationAngle=0
ProjectManager.AskForMigrate=true
ProjectManager.BackupPrevious=false
ProjectManager.CompilerLinker=GCC
ProjectManager.CompilerOptimize=6
ProjectManager.ComputerToolchain=false
ProjectManager.CoupleFile=false
ProjectManager.CustomerFirmwarePackage=
ProjectManager.DefaultFWLocation=true
ProjectManager.DeletePrevious=true
ProjectManager.DeviceId=STM32N647X0HxQ
ProjectManager.FirmwarePackage=STM32Cube FW_N6 V1.3.0
ProjectManager.FreePins=false
ProjectManager.FreePinsContext=FSBL
ProjectManager.HalAssertFull=false
ProjectManager.HeapSize=FSBL-0x200,Appli-0x200,ExtMemLoader-0x200
ProjectManager.KeepUserCode=true
ProjectManager.LastFirmware=true
ProjectManager.LibraryCopy=2
ProjectManager.MainLocation=Core/Src
ProjectManager.NoMain=false
ProjectManager.PreviousToolchain=
ProjectManager.ProjectBuild=false
ProjectManager.ProjectFileName=NECCS_N647_App.ioc
ProjectManager.ProjectName=NECCS_N647_App
ProjectManager.ProjectStructure=FSBL\:FSBL\:false;Appli\:Appli\:true;ExtMemLoader\:ExtMemLoader\:false;
ProjectManager.RegisterCallBack=
ProjectManager.StackSize=FSBL-0x800,Appli-0x800,ExtMemLoader-0x800
ProjectManager.TargetToolchain=STM32CubeIDE
ProjectManager.ToolChainLocation=
ProjectManager.UAScriptAfterPath=
ProjectManager.UAScriptBeforePath=
ProjectManager.UnderRoot=false
ProjectManager.functionlistsort=1-SystemClock_Config-RCC-false-HAL-false-FSBL,1-MX_GPIO_Init-GPIO-false-HAL-true-Appli,2-MX_DMA2D_Init-DMA2D-false-HAL-true-Appli,3-MX_LTDC_Init-LTDC-false-HAL-true-Appli,4-MX_XSPI1_Init-XSPI1-true-HAL-false-Appli,5-MX_XSPIM_Init-XSPIM-true-HAL-false-Appli,6-MX_I2C2_Init-I2C2-false-HAL-true-Appli,false-7-MX_USART1_UART_Init-USART1-false-HAL-true-Appli,false-8-MX_SDMMC2_SD_Init-SDMMC2-false-HAL-true-Appli,false-9-MX_DCMIPP_Init-DCMIPP-false-HAL-true-Appli,10-MX_SAI1_Init-SAI1-false-HAL-true-Appli,11-SystemIsolation_Config-RIF-false-HAL-true-Appli,0-MX_CORTEX_M55_FSBL_Init-CORTEX_M55_FSBL-false-HAL-true-FSBL,0-MX_CORTEX_M55_S_Init-CORTEX_M55_S-false-HAL-true-Appli,0-MX_PWR_Init-PWR-false-HAL-true-Appli
RCC.ADC12Freq_Value=200000000
RCC.ADFFreq_Value=200000000
RCC.AHB1234Freq_Value=200000000
RCC.AHBFreq_Value=75000000
RCC.APB1Freq_Value=200000000
RCC.APB2Freq_Value=200000000
RCC.APB4Freq_Value=200000000
RCC.APB5Freq_Value=200000000
RCC.AXIClockFreq_Value=400000000
RCC.CKPERFreq_Value=64000000
RCC.CPUCLKSource=RCC_CPUCLKSOURCE_IC1
RCC.CortexFreq_Value=75000000
RCC.CpuClockFreq_Value=600000000
RCC.DCMIPPClockSelection=RCC_DCMIPPCLKSOURCE_IC17
RCC.DCMIPPFreq_Value=300000000
RCC.ETH1Freq_Value=200000000
RCC.FBDIV1=75
RCC.FBDIV2=96
RCC.FDCANFreq_Value=200000000
RCC.FMCFreq_Value=200000000
RCC.FOUTPOSTDIV1Freq_Value=1200000000
RCC.FOUTPOSTDIV2Freq_Value=245760000
RCC.FOUTPOSTDIV3Freq_Value=1600000000
RCC.FOUTPOSTDIV4Freq_Value=1600000000
RCC.FREFDIV1=4
RCC.FREFDIV2=5
RCC.FamilyName=M
RCC.HSE_VALUE=48000000
RCC.HSI_VALUE=64000000
RCC.I2C1Freq_Value=200000000
RCC.I2C2CLockSelection=RCC_I2C2CLKSOURCE_CLKP
RCC.I2C2Freq_Value=64000000
RCC.I2C3Freq_Value=200000000
RCC.I2C4Freq_Value=200000000
RCC.I3C1Freq_Value=200000000
RCC.I3C2Freq_Value=200000000
RCC.IC10Freq_VALUE=245760000
RCC.IC11Div=3
RCC.IC11Freq_VALUE=400000000
RCC.IC12Freq_VALUE=1600000000
RCC.IC13Freq_VALUE=1600000000
RCC.IC14Freq_VALUE=1600000000
RCC.IC15Freq_VALUE=1600000000
RCC.IC16CLKSource=RCC_ICCLKSOURCE_PLL1
RCC.IC16Div=30
RCC.IC16Freq_VALUE=40000000
RCC.IC17CLKSource=RCC_ICCLKSOURCE_PLL1
RCC.IC17Div=4
RCC.IC17Freq_VALUE=300000000
RCC.IC18Freq_VALUE=1600000000
RCC.IC19Freq_VALUE=1600000000
RCC.IC1Div=2
RCC.IC1Freq_VALUE=600000000
RCC.IC20Freq_VALUE=1600000000
RCC.IC2Div=3
RCC.IC2Freq_VALUE=400000000
RCC.IC3Freq_VALUE=1200000000
RCC.IC4Div=6
RCC.IC4Freq_VALUE=200000000
RCC.IC5Freq_VALUE=1200000000
RCC.IC6Freq_VALUE=300000000
RCC.IC7Div=20
RCC.IC7Freq_VALUE=12288000
RCC.IC8Freq_VALUE=245760000
RCC.IC9Freq_VALUE=245760000
RCC.IPParameters=ADC12Freq_Value,ADFFreq_Value,AHB1234Freq_Value,AHBFreq_Value,APB1Freq_Value,APB2Freq_Value,APB4Freq_Value,APB5Freq_Value,AXIClockFreq_Value,CKPERFreq_Value,CPUCLKSource,CortexFreq_Value,CpuClockFreq_Value,DCMIPPClockSelection,DCMIPPFreq_Value,ETH1Freq_Value,FBDIV1,FBDIV2,FDCANFreq_Value,FMCFreq_Value,FOUTPOSTDIV1Freq_Value,FOUTPOSTDIV2Freq_Value,FOUTPOSTDIV3Freq_Value,FOUTPOSTDIV4Freq_Value,FREFDIV1,FREFDIV2,FamilyName,HSE_VALUE,HSI_VALUE,I2C1Freq_Value,I2C2CLockSelection,I2C2Freq_Value,I2C3Freq_Value,I2C4Freq_Value,I3C1Freq_Value,I3C2Freq_Value,IC10Freq_VALUE,IC11Div,IC11Freq_VALUE,IC12Freq_VALUE,IC13Freq_VALUE,IC14Freq_VALUE,IC15Freq_VALUE,IC16CLKSource,IC16Div,IC16Freq_VALUE,IC17CLKSource,IC17Div,IC17Freq_VALUE,IC18Freq_VALUE,IC19Freq_VALUE,IC1Div,IC1Freq_VALUE,IC20Freq_VALUE,IC2Div,IC2Freq_VALUE,IC3Freq_VALUE,IC4Div,IC4Freq_VALUE,IC5Freq_VALUE,IC6Freq_VALUE,IC7Div,IC7Freq_VALUE,IC8Freq_VALUE,IC9Freq_VALUE,LPTIM1Freq_Value,LPTIM2Freq_Value,LPTIM3Freq_Value,LPTIM4Freq_Value,LPTIM5Freq_Value,LPUART1Freq_Value,LSE_VALUE,LSI_VALUE,LTDCClockSelection,LTDCFreq_Value,MCO1PinFreq_Value,MCO2PinFreq_Value,MDFFreq_Value,MSI_VALUE,OTGHS1Freq_Value,OTGHS2Freq_Value,OTGPHY1Freq_Value,OTGPHY2Freq_Value,POSTDIV1_2,POSTDIV2_2,PSSIFreq_Value,RTCFreq_Value,SAI1ClockSelection,SAI1Freq_Value,SAI2Freq_Value,SDMMC1Freq_Value,SDMMC2Freq_Value,SPDIFRX1Freq_Value,SPI1Freq_Value,SPI2Freq_Value,SPI3Freq_Value,SPI4Freq_Value,SPI5Freq_Value,SPI6Freq_Value,SYSBCLKFreq_VALUE,SYSBCLKSource,SYSCCLKFreq_VALUE,SYSDCLKFreq_VALUE,SupplySource,TIMGFreq_Value,UART4Freq_Value,UART5Freq_Value,UART7Freq_Value,UART8Freq_Value,UART9Freq_Value,USART10Freq_Value,USART1ClockSelection,USART1Freq_Value,USART2Freq_Value,USART3Freq_Value,USART6Freq_Value,VCO1OutputFreq_Value,VCO2OutputFreq_Value,VCO3OutputFreq_Value,VCO4OutputFreq_Value,VCOInput1Freq_Value,VCOInput2Freq_Value,VCOInput3Freq_Value,VCOInput4Freq_Value,XSPI1ClockSelection,XSPI1Freq_Value,XSPI2Freq_Value,XSPI3Freq_Value
RCC.LPTIM1Freq_Value=200000000
RCC.LPTIM2Freq_Value=200000000
RCC.LPTIM3Freq_Value=200000000
RCC.LPTIM4Freq_Value=200000000
RCC.LPTIM5Freq_Value=200000000
RCC.LPUART1Freq_Value=200000000
RCC.LSE_VALUE=32768
RCC.LSI_VALUE=32000
RCC.LTDCClockSelection=RCC_LTDCCLKSOURCE_IC16
RCC.LTDCFreq_Value=40000000
RCC.MCO1PinFreq_Value=64000000
RCC.MCO2PinFreq_Value=64000000
RCC.MDFFreq_Value=200000000
RCC.MSI_VALUE=16000000
RCC.OTGHS1Freq_Value=24000000
RCC.OTGHS2Freq_Value=24000000
RCC.OTGPHY1Freq_Value=24000000
RCC.OTGPHY2Freq_Value=24000000
RCC.POSTDIV1_2=5
RCC.POSTDIV2_2=1
RCC.PSSIFreq_Value=200000000
RCC.RTCFreq_Value=32000
RCC.SAI1ClockSelection=RCC_SAI1CLKSOURCE_IC7
RCC.SAI1Freq_Value=12288000
RCC.SAI2Freq_Value=200000000
RCC.SDMMC1Freq_Value=200000000
RCC.SDMMC2Freq_Value=200000000
RCC.SPDIFRX1Freq_Value=200000000
RCC.SPI1Freq_Value=200000000
RCC.SPI2Freq_Value=200000000
RCC.SPI3Freq_Value=200000000
RCC.SPI4Freq_Value=200000000
RCC.SPI5Freq_Value=200000000
RCC.SPI6Freq_Value=200000000
RCC.SYSBCLKFreq_VALUE=400000000
RCC.SYSBCLKSource=RCC_SYSCLKSOURCE_IC2_IC6_IC11
RCC.SYSCCLKFreq_VALUE=300000000
RCC.SYSDCLKFreq_VALUE=400000000
RCC.SupplySource=PWR_SMPS_SUPPLY
RCC.TIMGFreq_Value=400000000
RCC.UART4Freq_Value=200000000
RCC.UART5Freq_Value=200000000
RCC.UART7Freq_Value=200000000
RCC.UART8Freq_Value=200000000
RCC.UART9Freq_Value=200000000
RCC.USART10Freq_Value=200000000
RCC.USART1ClockSelection=RCC_USART1CLKSOURCE_CLKP
RCC.USART1Freq_Value=64000000
RCC.USART2Freq_Value=200000000
RCC.USART3Freq_Value=200000000
RCC.USART6Freq_Value=200000000
RCC.VCO1OutputFreq_Value=1200000000
RCC.VCO2OutputFreq_Value=1228800000
RCC.VCO3OutputFreq_Value=1600000000
RCC.VCO4OutputFreq_Value=1600000000
RCC.VCOInput1Freq_Value=16000000
RCC.VCOInput2Freq_Value=12800000
RCC.VCOInput3Freq_Value=64000000
RCC.VCOInput4Freq_Value=64000000
RCC.XSPI1ClockSelection=RCC_XSPI1CLKSOURCE_IC4
RCC.XSPI1Freq_Value=200000000
RCC.XSPI2Freq_Value=200000000
RCC.XSPI3Freq_Value=200000000
RIF.DCMIPP_CID_RIMU=1
RIF.DMA2D_CID_RIMU=1
RIF.ETH1_CID_RIMU=0
RIF.ETR_CID_RIMU=0
RIF.GPU_CID_RIMU=0
RIF.IPParameters=ETR_CID_RIMU,NPU_CID_RIMU,SDMMC1_CID_RIMU,SDMMC2_CID_RIMU,OTG1_CID_RIMU,OTG2_CID_RIMU,ETH1_CID_RIMU,GPU_CID_RIMU,DMA2D_CID_RIMU,DCMIPP_CID_RIMU,LTDC_L1_CID_RIMU,LTDC_L2_CID_RIMU,VENC_CID_RIMU
RIF.LTDC_L1_CID_RIMU=1
RIF.LTDC_L2_CID_RIMU=0
RIF.NPU_CID_RIMU=0
RIF.OTG1_CID_RIMU=0
RIF.OTG2_CID_RIMU=0
RIF.RIFAWARE.GPDMA1\ Feature\ GPDMA1\ channel\ 0\ Cid=-
RIF.RIFAWARE.GPDMA1\ Feature\ GPDMA1\ channel\ 0\ Privilege=true
RIF.RIFAWARE.GPDMA1\ Feature\ GPDMA1\ channel\ 0\ Secure=false
RIF.RIFAWARE.GPDMA1\ Feature\ GPDMA1\ channel\ 1\ Cid=-
RIF.RIFAWARE.GPDMA1\ Feature\ GPDMA1\ channel\ 1\ Privilege=true
RIF.RIFAWARE.GPDMA1\ Feature\ GPDMA1\ channel\ 1\ Secure=false
RIF.RIFAWARE.GPDMA1\ Feature\ GPDMA1\ channel\ 10\ Cid=-
RIF.RIFAWARE.GPDMA1\ Feature\ GPDMA1\ channel\ 10\ Privilege=true
RIF.RIFAWARE.GPDMA1\ Feature\ GPDMA1\ channel\ 10\ Secure=false
RIF.RIFAWARE.GPDMA1\ Feature\ GPDMA1\ channel\ 11\ Cid=-
RIF.RIFAWARE.GPDMA1\ Feature\ GPDMA1\ channel\ 11\ Privilege=true
RIF.RIFAWARE.GPDMA1\ Feature\ GPDMA1\ channel\ 11\ Secure=false
RIF.RIFAWARE.GPDMA1\ Feature\ GPDMA1\ channel\ 12\ Cid=-
RIF.RIFAWARE.GPDMA1\ Feature\ GPDMA1\ channel\ 12\ Privilege=true
RIF.RIFAWARE.GPDMA1\ Feature\ GPDMA1\ channel\ 12\ Secure=false
RIF.RIFAWARE.GPDMA1\ Feature\ GPDMA1\ channel\ 13\ Cid=-
RIF.RIFAWARE.GPDMA1\ Feature\ GPDMA1\ channel\ 13\ Privilege=true
RIF.RIFAWARE.GPDMA1\ Feature\ GPDMA1\ channel\ 13\ Secure=false
RIF.RIFAWARE.GPDMA1\ Feature\ GPDMA1\ channel\ 14\ Cid=-
RIF.RIFAWARE.GPDMA1\ Feature\ GPDMA1\ channel\ 14\ Privilege=true
RIF.RIFAWARE.GPDMA1\ Feature\ GPDMA1\ channel\ 14\ Secure=false
RIF.RIFAWARE.GPDMA1\ Feature\ GPDMA1\ channel\ 15\ Cid=-
RIF.RIFAWARE.GPDMA1\ Feature\ GPDMA1\ channel\ 15\ Privilege=true
RIF.RIFAWARE.GPDMA1\ Feature\ GPDMA1\ channel\ 15\ Secure=false
RIF.RIFAWARE.GPDMA1\ Feature\ GPDMA1\ channel\ 2\ Cid=-
RIF.RIFAWARE.GPDMA1\ Feature\ GPDMA1\ channel\ 2\ Privilege=true
RIF.RIFAWARE.GPDMA1\ Feature\ GPDMA1\ channel\ 2\ Secure=false
RIF.RIFAWARE.GPDMA1\ Feature\ GPDMA1\ channel\ 3\ Cid=-
RIF.RIFAWARE.GPDMA1\ Feature\ GPDMA1\ channel\ 3\ Privilege=true
RIF.RIFAWARE.GPDMA1\ Feature\ GPDMA1\ channel\ 3\ Secure=false
RIF.RIFAWARE.GPDMA1\ Feature\ GPDMA1\ channel\ 4\ Cid=-
RIF.RIFAWARE.GPDMA1\ Feature\ GPDMA1\ channel\ 4\ Privilege=true
RIF.RIFAWARE.GPDMA1\ Feature\ GPDMA1\ channel\ 4\ Secure=false
RIF.RIFAWARE.GPDMA1\ Feature\ GPDMA1\ channel\ 5\ Cid=-
RIF.RIFAWARE.GPDMA1\ Feature\ GPDMA1\ channel\ 5\ Privilege=true
RIF.RIFAWARE.GPDMA1\ Feature\ GPDMA1\ channel\ 5\ Secure=false
RIF.RIFAWARE.GPDMA1\ Feature\ GPDMA1\ channel\ 6\ Cid=-
RIF.RIFAWARE.GPDMA1\ Feature\ GPDMA1\ channel\ 6\ Privilege=true
RIF.RIFAWARE.GPDMA1\ Feature\ GPDMA1\ channel\ 6\ Secure=false
RIF.RIFAWARE.GPDMA1\ Feature\ GPDMA1\ channel\ 7\ Cid=-
RIF.RIFAWARE.GPDMA1\ Feature\ GPDMA1\ channel\ 7\ Privilege=true
RIF.RIFAWARE.GPDMA1\ Feature\ GPDMA1\ channel\ 7\ Secure=false
RIF.RIFAWARE.GPDMA1\ Feature\ GPDMA1\ channel\ 8\ Cid=-
RIF.RIFAWARE.GPDMA1\ Feature\ GPDMA1\ channel\ 8\ Privilege=true
RIF.RIFAWARE.GPDMA1\ Feature\ GPDMA1\ channel\ 8\ Secure=false
RIF.RIFAWARE.GPDMA1\ Feature\ GPDMA1\ channel\ 9\ Cid=-
RIF.RIFAWARE.GPDMA1\ Feature\ GPDMA1\ channel\ 9\ Privilege=true
RIF.RIFAWARE.GPDMA1\ Feature\ GPDMA1\ channel\ 9\ Secure=false
RIF.RIFAWARE.GPIO\ Feature\ PA0\ Appli=true
RIF.RIFAWARE.GPIO\ Feature\ PA0\ Cid=1
RIF.RIFAWARE.GPIO\ Feature\ PA0\ Secure=true
RIF.RIFAWARE.GPIO\ Feature\ PA1\ Appli=true
RIF.RIFAWARE.GPIO\ Feature\ PA1\ Cid=1
RIF.RIFAWARE.GPIO\ Feature\ PA1\ Secure=true
RIF.RIFAWARE.GPIO\ Feature\ PA10\ Appli=true
RIF.RIFAWARE.GPIO\ Feature\ PA10\ Cid=1
RIF.RIFAWARE.GPIO\ Feature\ PA10\ Secure=true
RIF.RIFAWARE.GPIO\ Feature\ PA11\ Appli=true
RIF.RIFAWARE.GPIO\ Feature\ PA11\ Cid=1
RIF.RIFAWARE.GPIO\ Feature\ PA11\ Secure=true
RIF.RIFAWARE.GPIO\ Feature\ PA12\ Appli=true
RIF.RIFAWARE.GPIO\ Feature\ PA12\ Cid=1
RIF.RIFAWARE.GPIO\ Feature\ PA12\ Secure=true
RIF.RIFAWARE.GPIO\ Feature\ PA2\ Appli=true
RIF.RIFAWARE.GPIO\ Feature\ PA2\ Cid=1
RIF.RIFAWARE.GPIO\ Feature\ PA2\ Secure=true
RIF.RIFAWARE.GPIO\ Feature\ PA3\ Appli=true
RIF.RIFAWARE.GPIO\ Feature\ PA3\ Cid=1
RIF.RIFAWARE.GPIO\ Feature\ PA3\ Secure=true
RIF.RIFAWARE.GPIO\ Feature\ PA4\ Appli=true
RIF.RIFAWARE.GPIO\ Feature\ PA4\ Cid=1
RIF.RIFAWARE.GPIO\ Feature\ PA4\ Secure=true
RIF.RIFAWARE.GPIO\ Feature\ PA5\ Appli=true
RIF.RIFAWARE.GPIO\ Feature\ PA5\ Cid=1
RIF.RIFAWARE.GPIO\ Feature\ PA5\ Secure=true
RIF.RIFAWARE.GPIO\ Feature\ PA6\ Appli=true
RIF.RIFAWARE.GPIO\ Feature\ PA6\ Cid=1
RIF.RIFAWARE.GPIO\ Feature\ PA6\ Secure=true
RIF.RIFAWARE.GPIO\ Feature\ PA7\ Cid=-
RIF.RIFAWARE.GPIO\ Feature\ PA7\ Secure=false
RIF.RIFAWARE.GPIO\ Feature\ PA8\ Appli=true
RIF.RIFAWARE.GPIO\ Feature\ PA8\ Cid=1
RIF.RIFAWARE.GPIO\ Feature\ PA8\ Secure=true
RIF.RIFAWARE.GPIO\ Feature\ PA9\ Appli=true
RIF.RIFAWARE.GPIO\ Feature\ PA9\ Cid=1
RIF.RIFAWARE.GPIO\ Feature\ PA9\ Secure=true
RIF.RIFAWARE.GPIO\ Feature\ PB0\ Appli=true
RIF.RIFAWARE.GPIO\ Feature\ PB0\ Cid=1
RIF.RIFAWARE.GPIO\ Feature\ PB0\ Secure=true
RIF.RIFAWARE.GPIO\ Feature\ PB1\ Appli=true
RIF.RIFAWARE.GPIO\ Feature\ PB1\ Cid=1
RIF.RIFAWARE.GPIO\ Feature\ PB1\ Secure=true
RIF.RIFAWARE.GPIO\ Feature\ PB10\ Appli=true
RIF.RIFAWARE.GPIO\ Feature\ PB10\ Cid=1
RIF.RIFAWARE.GPIO\ Feature\ PB10\ Secure=true
RIF.RIFAWARE.GPIO\ Feature\ PB11\ Appli=true
RIF.RIFAWARE.GPIO\ Feature\ PB11\ Cid=1
RIF.RIFAWARE.GPIO\ Feature\ PB11\ Secure=true
RIF.RIFAWARE.GPIO\ Feature\ PB12\ Appli=true
RIF.RIFAWARE.GPIO\ Feature\ PB12\ Cid=1
RIF.RIFAWARE.GPIO\ Feature\ PB12\ Secure=true
RIF.RIFAWARE.GPIO\ Feature\ PB13\ Cid=-
RIF.RIFAWARE.GPIO\ Feature\ PB13\ Secure=false
RIF.RIFAWARE.GPIO\ Feature\ PB14\ Cid=-
RIF.RIFAWARE.GPIO\ Feature\ PB14\ Secure=false
RIF.RIFAWARE.GPIO\ Feature\ PB15\ Appli=true
RIF.RIFAWARE.GPIO\ Feature\ PB15\ Cid=1
RIF.RIFAWARE.GPIO\ Feature\ PB15\ Secure=true
RIF.RIFAWARE.GPIO\ Feature\ PB2\ Cid=-
RIF.RIFAWARE.GPIO\ Feature\ PB2\ Secure=false
RIF.RIFAWARE.GPIO\ Feature\ PB3\ Appli=true
RIF.RIFAWARE.GPIO\ Feature\ PB3\ Cid=1
RIF.RIFAWARE.GPIO\ Feature\ PB3\ Secure=true
RIF.RIFAWARE.GPIO\ Feature\ PB6\ Appli=true
RIF.RIFAWARE.GPIO\ Feature\ PB6\ Cid=1
RIF.RIFAWARE.GPIO\ Feature\ PB6\ Secure=true
RIF.RIFAWARE.GPIO\ Feature\ PB7\ Appli=true
RIF.RIFAWARE.GPIO\ Feature\ PB7\ Cid=1
RIF.RIFAWARE.GPIO\ Feature\ PB7\ Secure=true
RIF.RIFAWARE.GPIO\ Feature\ PB8\ Cid=-
RIF.RIFAWARE.GPIO\ Feature\ PB8\ Secure=false
RIF.RIFAWARE.GPIO\ Feature\ PB9\ Cid=-
RIF.RIFAWARE.GPIO\ Feature\ PB9\ Secure=false
RIF.RIFAWARE.GPIO\ Feature\ PC0\ Appli=true
RIF.RIFAWARE.GPIO\ Feature\ PC0\ Cid=1
RIF.RIFAWARE.GPIO\ Feature\ PC0\ Secure=true
RIF.RIFAWARE.GPIO\ Feature\ PC1\ Cid=-
RIF.RIFAWARE.GPIO\ Feature\ PC1\ Secure=false
RIF.RIFAWARE.GPIO\ Feature\ PC10\ Appli=true
RIF.RIFAWARE.GPIO\ Feature\ PC10\ Cid=1
RIF.RIFAWARE.GPIO\ Feature\ PC10\ Secure=true
RIF.RIFAWARE.GPIO\ Feature\ PC11\ Appli=true
RIF.RIFAWARE.GPIO\ Feature\ PC11\ Cid=1
RIF.RIFAWARE.GPIO\ Feature\ PC11\ Secure=true
RIF.RIFAWARE.GPIO\ Feature\ PC12\ Appli=true
RIF.RIFAWARE.GPIO\ Feature\ PC12\ Cid=1
RIF.RIFAWARE.GPIO\ Feature\ PC12\ Secure=true
RIF.RIFAWARE.GPIO\ Feature\ PC13\ Appli=true
RIF.RIFAWARE.GPIO\ Feature\ PC13\ Cid=1
RIF.RIFAWARE.GPIO\ Feature\ PC13\ Secure=true
RIF.RIFAWARE.GPIO\ Feature\ PC2\ Cid=-
RIF.RIFAWARE.GPIO\ Feature\ PC2\ Secure=false
RIF.RIFAWARE.GPIO\ Feature\ PC3\ Appli=true
RIF.RIFAWARE.GPIO\ Feature\ PC3\ Cid=1
RIF.RIFAWARE.GPIO\ Feature\ PC3\ Secure=true
RIF.RIFAWARE.GPIO\ Feature\ PC4\ Appli=true
RIF.RIFAWARE.GPIO\ Feature\ PC4\ Cid=1
RIF.RIFAWARE.GPIO\ Feature\ PC4\ Secure=true
RIF.RIFAWARE.GPIO\ Feature\ PC5\ Appli=true
RIF.RIFAWARE.GPIO\ Feature\ PC5\ Cid=1
RIF.RIFAWARE.GPIO\ Feature\ PC5\ Secure=true
RIF.RIFAWARE.GPIO\ Feature\ PC6\ Appli=true
RIF.RIFAWARE.GPIO\ Feature\ PC6\ Cid=1
RIF.RIFAWARE.GPIO\ Feature\ PC6\ Secure=true
RIF.RIFAWARE.GPIO\ Feature\ PC7\ Appli=true
RIF.RIFAWARE.GPIO\ Feature\ PC7\ Cid=1
RIF.RIFAWARE.GPIO\ Feature\ PC7\ Secure=true
RIF.RIFAWARE.GPIO\ Feature\ PC8\ Cid=-
RIF.RIFAWARE.GPIO\ Feature\ PC8\ Secure=false
RIF.RIFAWARE.GPIO\ Feature\ PC9\ Cid=-
RIF.RIFAWARE.GPIO\ Feature\ PC9\ Secure=false
RIF.RIFAWARE.GPIO\ Feature\ PD0\ Appli=true
RIF.RIFAWARE.GPIO\ Feature\ PD0\ Cid=1
RIF.RIFAWARE.GPIO\ Feature\ PD0\ Secure=true
RIF.RIFAWARE.GPIO\ Feature\ PD1\ Appli=true
RIF.RIFAWARE.GPIO\ Feature\ PD1\ Cid=1
RIF.RIFAWARE.GPIO\ Feature\ PD1\ Secure=true
RIF.RIFAWARE.GPIO\ Feature\ PD10\ Appli=true
RIF.RIFAWARE.GPIO\ Feature\ PD10\ Cid=1
RIF.RIFAWARE.GPIO\ Feature\ PD10\ Secure=true
RIF.RIFAWARE.GPIO\ Feature\ PD11\ Appli=true
RIF.RIFAWARE.GPIO\ Feature\ PD11\ Cid=1
RIF.RIFAWARE.GPIO\ Feature\ PD11\ Secure=true
RIF.RIFAWARE.GPIO\ Feature\ PD12\ Appli=true
RIF.RIFAWARE.GPIO\ Feature\ PD12\ Cid=1
RIF.RIFAWARE.GPIO\ Feature\ PD12\ Secure=true
RIF.RIFAWARE.GPIO\ Feature\ PD13\ Appli=true
RIF.RIFAWARE.GPIO\ Feature\ PD13\ Cid=1
RIF.RIFAWARE.GPIO\ Feature\ PD13\ Secure=true
RIF.RIFAWARE.GPIO\ Feature\ PD14\ Appli=true
RIF.RIFAWARE.GPIO\ Feature\ PD14\ Cid=1
RIF.RIFAWARE.GPIO\ Feature\ PD14\ Secure=true
RIF.RIFAWARE.GPIO\ Feature\ PD15\ Cid=-
RIF.RIFAWARE.GPIO\ Feature\ PD15\ Secure=false
RIF.RIFAWARE.GPIO\ Feature\ PD2\ Appli=true
RIF.RIFAWARE.GPIO\ Feature\ PD2\ Cid=1
RIF.RIFAWARE.GPIO\ Feature\ PD2\ Secure=true
RIF.RIFAWARE.GPIO\ Feature\ PD3\ Appli=true
RIF.RIFAWARE.GPIO\ Feature\ PD3\ Cid=1
RIF.RIFAWARE.GPIO\ Feature\ PD3\ Secure=true
RIF.RIFAWARE.GPIO\ Feature\ PD4\ Appli=true
RIF.RIFAWARE.GPIO\ Feature\ PD4\ Cid=1
RIF.RIFAWARE.GPIO\ Feature\ PD4\ Secure=true
RIF.RIFAWARE.GPIO\ Feature\ PD5\ Cid=-
RIF.RIFAWARE.GPIO\ Feature\ PD5\ Secure=false
RIF.RIFAWARE.GPIO\ Feature\ PD6\ Cid=-
RIF.RIFAWARE.GPIO\ Feature\ PD6\ Secure=false
RIF.RIFAWARE.GPIO\ Feature\ PD7\ Cid=-
RIF.RIFAWARE.GPIO\ Feature\ PD7\ Secure=false
RIF.RIFAWARE.GPIO\ Feature\ PD8\ Cid=-
RIF.RIFAWARE.GPIO\ Feature\ PD8\ Secure=false
RIF.RIFAWARE.GPIO\ Feature\ PD9\ Cid=-
RIF.RIFAWARE.GPIO\ Feature\ PD9\ Secure=false
RIF.RIFAWARE.GPIO\ Feature\ PE0\ Appli=true
RIF.RIFAWARE.GPIO\ Feature\ PE0\ Cid=1
RIF.RIFAWARE.GPIO\ Feature\ PE0\ Secure=true
RIF.RIFAWARE.GPIO\ Feature\ PE1\ Appli=true
RIF.RIFAWARE.GPIO\ Feature\ PE1\ Cid=1
RIF.RIFAWARE.GPIO\ Feature\ PE1\ Secure=true
RIF.RIFAWARE.GPIO\ Feature\ PE10\ Appli=true
RIF.RIFAWARE.GPIO\ Feature\ PE10\ Cid=1
RIF.RIFAWARE.GPIO\ Feature\ PE10\ Secure=true
RIF.RIFAWARE.GPIO\ Feature\ PE11\ Cid=-
RIF.RIFAWARE.GPIO\ Feature\ PE11\ Secure=false
RIF.RIFAWARE.GPIO\ Feature\ PE12\ Appli=true
RIF.RIFAWARE.GPIO\ Feature\ PE12\ Cid=1
RIF.RIFAWARE.GPIO\ Feature\ PE12\ Secure=true
RIF.RIFAWARE.GPIO\ Feature\ PE13\ Appli=true
RIF.RIFAWARE.GPIO\ Feature\ PE13\ Cid=1
RIF.RIFAWARE.GPIO\ Feature\ PE13\ Secure=true
RIF.RIFAWARE.GPIO\ Feature\ PE14\ Appli=true
RIF.RIFAWARE.GPIO\ Feature\ PE14\ Cid=1
RIF.RIFAWARE.GPIO\ Feature\ PE14\ Secure=true
RIF.RIFAWARE.GPIO\ Feature\ PE15\ Appli=true
RIF.RIFAWARE.GPIO\ Feature\ PE15\ Cid=1
RIF.RIFAWARE.GPIO\ Feature\ PE15\ Secure=true
RIF.RIFAWARE.GPIO\ Feature\ PE2\ Appli=true
RIF.RIFAWARE.GPIO\ Feature\ PE2\ Cid=1
RIF.RIFAWARE.GPIO\ Feature\ PE2\ Secure=true
RIF.RIFAWARE.GPIO\ Feature\ PE3\ Appli=true
RIF.RIFAWARE.GPIO\ Feature\ PE3\ Cid=1
RIF.RIFAWARE.GPIO\ Feature\ PE3\ Secure=true
RIF.RIFAWARE.GPIO\ Feature\ PE4\ Appli=true
RIF.RIFAWARE.GPIO\ Feature\ PE4\ Cid=1
RIF.RIFAWARE.GPIO\ Feature\ PE4\ Secure=true
RIF.RIFAWARE.GPIO\ Feature\ PE5\ Appli=true
RIF.RIFAWARE.GPIO\ Feature\ PE5\ Cid=1
RIF.RIFAWARE.GPIO\ Feature\ PE5\ Secure=true
RIF.RIFAWARE.GPIO\ Feature\ PE6\ Appli=true
RIF.RIFAWARE.GPIO\ Feature\ PE6\ Cid=1
RIF.RIFAWARE.GPIO\ Feature\ PE6\ Secure=true
RIF.RIFAWARE.GPIO\ Feature\ PE7\ Appli=true
RIF.RIFAWARE.GPIO\ Feature\ PE7\ Cid=1
RIF.RIFAWARE.GPIO\ Feature\ PE7\ Secure=true
RIF.RIFAWARE.GPIO\ Feature\ PE8\ Appli=true
RIF.RIFAWARE.GPIO\ Feature\ PE8\ Cid=1
RIF.RIFAWARE.GPIO\ Feature\ PE8\ Secure=true
RIF.RIFAWARE.GPIO\ Feature\ PE9\ Appli=true
RIF.RIFAWARE.GPIO\ Feature\ PE9\ Cid=1
RIF.RIFAWARE.GPIO\ Feature\ PE9\ Secure=true
RIF.RIFAWARE.GPIO\ Feature\ PF0\ Appli=true
RIF.RIFAWARE.GPIO\ Feature\ PF0\ Cid=1
RIF.RIFAWARE.GPIO\ Feature\ PF0\ Secure=true
RIF.RIFAWARE.GPIO\ Feature\ PF1\ Appli=true
RIF.RIFAWARE.GPIO\ Feature\ PF1\ Cid=1
RIF.RIFAWARE.GPIO\ Feature\ PF1\ Secure=true
RIF.RIFAWARE.GPIO\ Feature\ PF10\ Appli=true
RIF.RIFAWARE.GPIO\ Feature\ PF10\ Cid=1
RIF.RIFAWARE.GPIO\ Feature\ PF10\ Secure=true
RIF.RIFAWARE.GPIO\ Feature\ PF11\ Appli=true
RIF.RIFAWARE.GPIO\ Feature\ PF11\ Cid=1
RIF.RIFAWARE.GPIO\ Feature\ PF11\ Secure=true
RIF.RIFAWARE.GPIO\ Feature\ PF12\ Appli=true
RIF.RIFAWARE.GPIO\ Feature\ PF12\ Cid=1
RIF.RIFAWARE.GPIO\ Feature\ PF12\ Secure=true
RIF.RIFAWARE.GPIO\ Feature\ PF13\ Appli=true
RIF.RIFAWARE.GPIO\ Feature\ PF13\ Cid=1
RIF.RIFAWARE.GPIO\ Feature\ PF13\ Secure=true
RIF.RIFAWARE.GPIO\ Feature\ PF14\ Cid=-
RIF.RIFAWARE.GPIO\ Feature\ PF14\ Secure=false
RIF.RIFAWARE.GPIO\ Feature\ PF15\ Cid=-
RIF.RIFAWARE.GPIO\ Feature\ PF15\ Secure=false
RIF.RIFAWARE.GPIO\ Feature\ PF2\ Cid=-
RIF.RIFAWARE.GPIO\ Feature\ PF2\ Secure=false
RIF.RIFAWARE.GPIO\ Feature\ PF3\ Appli=true
RIF.RIFAWARE.GPIO\ Feature\ PF3\ Cid=1
RIF.RIFAWARE.GPIO\ Feature\ PF3\ Secure=true
RIF.RIFAWARE.GPIO\ Feature\ PF4\ Cid=-
RIF.RIFAWARE.GPIO\ Feature\ PF4\ Secure=false
RIF.RIFAWARE.GPIO\ Feature\ PF5\ Appli=true
RIF.RIFAWARE.GPIO\ Feature\ PF5\ Cid=1
RIF.RIFAWARE.GPIO\ Feature\ PF5\ Secure=true
RIF.RIFAWARE.GPIO\ Feature\ PF6\ Cid=-
RIF.RIFAWARE.GPIO\ Feature\ PF6\ Secure=false
RIF.RIFAWARE.GPIO\ Feature\ PF7\ Appli=true
RIF.RIFAWARE.GPIO\ Feature\ PF7\ Cid=1
RIF.RIFAWARE.GPIO\ Feature\ PF7\ Secure=true
RIF.RIFAWARE.GPIO\ Feature\ PF8\ Appli=true
RIF.RIFAWARE.GPIO\ Feature\ PF8\ Cid=1
RIF.RIFAWARE.GPIO\ Feature\ PF8\ Secure=true
RIF.RIFAWARE.GPIO\ Feature\ PF9\ Appli=true
RIF.RIFAWARE.GPIO\ Feature\ PF9\ Cid=1
RIF.RIFAWARE.GPIO\ Feature\ PF9\ Secure=true
RIF.RIFAWARE.GPIO\ Feature\ PG0\ Appli=true
RIF.RIFAWARE.GPIO\ Feature\ PG0\ Cid=1
RIF.RIFAWARE.GPIO\ Feature\ PG0\ Secure=true
RIF.RIFAWARE.GPIO\ Feature\ PG1\ Appli=true
RIF.RIFAWARE.GPIO\ Feature\ PG1\ Cid=1
RIF.RIFAWARE.GPIO\ Feature\ PG1\ Secure=true
RIF.RIFAWARE.GPIO\ Feature\ PG10\ Appli=true
RIF.RIFAWARE.GPIO\ Feature\ PG10\ Cid=1
RIF.RIFAWARE.GPIO\ Feature\ PG10\ Secure=true
RIF.RIFAWARE.GPIO\ Feature\ PG11\ Appli=true
RIF.RIFAWARE.GPIO\ Feature\ PG11\ Cid=1
RIF.RIFAWARE.GPIO\ Feature\ PG11\ Secure=true
RIF.RIFAWARE.GPIO\ Feature\ PG12\ Appli=true
RIF.RIFAWARE.GPIO\ Feature\ PG12\ Cid=1
RIF.RIFAWARE.GPIO\ Feature\ PG12\ Secure=true
RIF.RIFAWARE.GPIO\ Feature\ PG13\ Appli=true
RIF.RIFAWARE.GPIO\ Feature\ PG13\ Cid=1
RIF.RIFAWARE.GPIO\ Feature\ PG13\ Secure=true
RIF.RIFAWARE.GPIO\ Feature\ PG14\ Appli=true
RIF.RIFAWARE.GPIO\ Feature\ PG14\ Cid=1
RIF.RIFAWARE.GPIO\ Feature\ PG14\ Secure=true
RIF.RIFAWARE.GPIO\ Feature\ PG15\ Appli=true
RIF.RIFAWARE.GPIO\ Feature\ PG15\ Cid=1
RIF.RIFAWARE.GPIO\ Feature\ PG15\ Secure=true
RIF.RIFAWARE.GPIO\ Feature\ PG2\ Appli=true
RIF.RIFAWARE.GPIO\ Feature\ PG2\ Cid=1
RIF.RIFAWARE.GPIO\ Feature\ PG2\ Secure=true
RIF.RIFAWARE.GPIO\ Feature\ PG3\ Appli=true
RIF.RIFAWARE.GPIO\ Feature\ PG3\ Cid=1
RIF.RIFAWARE.GPIO\ Feature\ PG3\ Secure=true
RIF.RIFAWARE.GPIO\ Feature\ PG4\ Appli=true
RIF.RIFAWARE.GPIO\ Feature\ PG4\ Cid=1
RIF.RIFAWARE.GPIO\ Feature\ PG4\ Secure=true
RIF.RIFAWARE.GPIO\ Feature\ PG5\ Cid=-
RIF.RIFAWARE.GPIO\ Feature\ PG5\ Secure=false
RIF.RIFAWARE.GPIO\ Feature\ PG6\ Appli=true
RIF.RIFAWARE.GPIO\ Feature\ PG6\ Cid=1
RIF.RIFAWARE.GPIO\ Feature\ PG6\ Secure=true
RIF.RIFAWARE.GPIO\ Feature\ PG7\ Appli=true
RIF.RIFAWARE.GPIO\ Feature\ PG7\ Cid=1
RIF.RIFAWARE.GPIO\ Feature\ PG7\ Secure=true
RIF.RIFAWARE.GPIO\ Feature\ PG8\ Cid=-
RIF.RIFAWARE.GPIO\ Feature\ PG8\ Secure=false
RIF.RIFAWARE.GPIO\ Feature\ PG9\ Appli=true
RIF.RIFAWARE.GPIO\ Feature\ PG9\ Cid=1
RIF.RIFAWARE.GPIO\ Feature\ PG9\ Secure=true
RIF.RIFAWARE.GPIO\ Feature\ PH2\ Appli=true
RIF.RIFAWARE.GPIO\ Feature\ PH2\ Cid=1
RIF.RIFAWARE.GPIO\ Feature\ PH2\ Secure=true
RIF.RIFAWARE.GPIO\ Feature\ PH3\ Cid=-
RIF.RIFAWARE.GPIO\ Feature\ PH3\ Secure=false
RIF.RIFAWARE.GPIO\ Feature\ PH4\ Appli=true
RIF.RIFAWARE.GPIO\ Feature\ PH4\ Cid=1
RIF.RIFAWARE.GPIO\ Feature\ PH4\ Secure=true
RIF.RIFAWARE.GPIO\ Feature\ PH5\ Appli=true
RIF.RIFAWARE.GPIO\ Feature\ PH5\ Cid=1
RIF.RIFAWARE.GPIO\ Feature\ PH5\ Secure=true
RIF.RIFAWARE.GPIO\ Feature\ PH6\ Cid=-
RIF.RIFAWARE.GPIO\ Feature\ PH6\ Secure=false
RIF.RIFAWARE.GPIO\ Feature\ PH7\ Appli=true
RIF.RIFAWARE.GPIO\ Feature\ PH7\ Cid=1
RIF.RIFAWARE.GPIO\ Feature\ PH7\ Secure=true
RIF.RIFAWARE.GPIO\ Feature\ PH8\ Appli=true
RIF.RIFAWARE.GPIO\ Feature\ PH8\ Cid=1
RIF.RIFAWARE.GPIO\ Feature\ PH8\ Secure=true
RIF.RIFAWARE.GPIO\ Feature\ PH9\ Cid=-
RIF.RIFAWARE.GPIO\ Feature\ PH9\ Secure=false
RIF.RIFAWARE.GPIO\ Feature\ PN0\ Cid=-
RIF.RIFAWARE.GPIO\ Feature\ PN0\ Secure=false
RIF.RIFAWARE.GPIO\ Feature\ PN1\ Cid=-
RIF.RIFAWARE.GPIO\ Feature\ PN1\ Secure=false
RIF.RIFAWARE.GPIO\ Feature\ PN10\ Cid=-
RIF.RIFAWARE.GPIO\ Feature\ PN10\ Secure=false
RIF.RIFAWARE.GPIO\ Feature\ PN11\ Cid=-
RIF.RIFAWARE.GPIO\ Feature\ PN11\ Secure=false
RIF.RIFAWARE.GPIO\ Feature\ PN12\ Appli=true
RIF.RIFAWARE.GPIO\ Feature\ PN12\ Cid=1
RIF.RIFAWARE.GPIO\ Feature\ PN12\ Secure=true
RIF.RIFAWARE.GPIO\ Feature\ PN2\ Cid=-
RIF.RIFAWARE.GPIO\ Feature\ PN2\ Secure=false
RIF.RIFAWARE.GPIO\ Feature\ PN3\ Cid=-
RIF.RIFAWARE.GPIO\ Feature\ PN3\ Secure=false
RIF.RIFAWARE.GPIO\ Feature\ PN4\ Cid=-
RIF.RIFAWARE.GPIO\ Feature\ PN4\ Secure=false
RIF.RIFAWARE.GPIO\ Feature\ PN5\ Cid=-
RIF.RIFAWARE.GPIO\ Feature\ PN5\ Secure=false
RIF.RIFAWARE.GPIO\ Feature\ PN6\ Cid=-
RIF.RIFAWARE.GPIO\ Feature\ PN6\ Secure=false
RIF.RIFAWARE.GPIO\ Feature\ PN7\ Appli=true
RIF.RIFAWARE.GPIO\ Feature\ PN7\ Cid=1
RIF.RIFAWARE.GPIO\ Feature\ PN7\ Secure=true
RIF.RIFAWARE.GPIO\ Feature\ PN8\ Cid=-
RIF.RIFAWARE.GPIO\ Feature\ PN8\ Secure=false
RIF.RIFAWARE.GPIO\ Feature\ PN9\ Cid=-
RIF.RIFAWARE.GPIO\ Feature\ PN9\ Secure=false
RIF.RIFAWARE.GPIO\ Feature\ PO0\ Appli=true
RIF.RIFAWARE.GPIO\ Feature\ PO0\ Cid=1
RIF.RIFAWARE.GPIO\ Feature\ PO0\ Secure=true
RIF.RIFAWARE.GPIO\ Feature\ PO1\ Appli=true
RIF.RIFAWARE.GPIO\ Feature\ PO1\ Cid=1
RIF.RIFAWARE.GPIO\ Feature\ PO1\ Secure=true
RIF.RIFAWARE.GPIO\ Feature\ PO2\ Appli=true
RIF.RIFAWARE.GPIO\ Feature\ PO2\ Cid=1
RIF.RIFAWARE.GPIO\ Feature\ PO2\ Secure=true
RIF.RIFAWARE.GPIO\ Feature\ PO3\ Cid=-
RIF.RIFAWARE.GPIO\ Feature\ PO3\ Secure=false
RIF.RIFAWARE.GPIO\ Feature\ PO4\ Appli=true
RIF.RIFAWARE.GPIO\ Feature\ PO4\ Cid=1
RIF.RIFAWARE.GPIO\ Feature\ PO4\ Secure=true
RIF.RIFAWARE.GPIO\ Feature\ PO5\ Appli=true
RIF.RIFAWARE.GPIO\ Feature\ PO5\ Cid=1
RIF.RIFAWARE.GPIO\ Feature\ PO5\ Secure=true
RIF.RIFAWARE.GPIO\ Feature\ PP0\ Appli=true
RIF.RIFAWARE.GPIO\ Feature\ PP0\ Cid=1
RIF.RIFAWARE.GPIO\ Feature\ PP0\ Secure=true
RIF.RIFAWARE.GPIO\ Feature\ PP1\ Appli=true
RIF.RIFAWARE.GPIO\ Feature\ PP1\ Cid=1
RIF.RIFAWARE.GPIO\ Feature\ PP1\ Secure=true
RIF.RIFAWARE.GPIO\ Feature\ PP10\ Cid=-
RIF.RIFAWARE.GPIO\ Feature\ PP10\ Secure=false
RIF.RIFAWARE.GPIO\ Feature\ PP11\ Cid=-
RIF.RIFAWARE.GPIO\ Feature\ PP11\ Secure=false
RIF.RIFAWARE.GPIO\ Feature\ PP12\ Cid=-
RIF.RIFAWARE.GPIO\ Feature\ PP12\ Secure=false
RIF.RIFAWARE.GPIO\ Feature\ PP13\ Cid=-
RIF.RIFAWARE.GPIO\ Feature\ PP13\ Secure=false
RIF.RIFAWARE.GPIO\ Feature\ PP14\ Cid=-
RIF.RIFAWARE.GPIO\ Feature\ PP14\ Secure=false
RIF.RIFAWARE.GPIO\ Feature\ PP15\ Cid=-
RIF.RIFAWARE.GPIO\ Feature\ PP15\ Secure=false
RIF.RIFAWARE.GPIO\ Feature\ PP2\ Appli=true
RIF.RIFAWARE.GPIO\ Feature\ PP2\ Cid=1
RIF.RIFAWARE.GPIO\ Feature\ PP2\ Secure=true
RIF.RIFAWARE.GPIO\ Feature\ PP3\ Appli=true
RIF.RIFAWARE.GPIO\ Feature\ PP3\ Cid=1
RIF.RIFAWARE.GPIO\ Feature\ PP3\ Secure=true
RIF.RIFAWARE.GPIO\ Feature\ PP4\ Appli=true
RIF.RIFAWARE.GPIO\ Feature\ PP4\ Cid=1
RIF.RIFAWARE.GPIO\ Feature\ PP4\ Secure=true
RIF.RIFAWARE.GPIO\ Feature\ PP5\ Appli=true
RIF.RIFAWARE.GPIO\ Feature\ PP5\ Cid=1
RIF.RIFAWARE.GPIO\ Feature\ PP5\ Secure=true
RIF.RIFAWARE.GPIO\ Feature\ PP6\ Appli=true
RIF.RIFAWARE.GPIO\ Feature\ PP6\ Cid=1
RIF.RIFAWARE.GPIO\ Feature\ PP6\ Secure=true
RIF.RIFAWARE.GPIO\ Feature\ PP7\ Appli=true
RIF.RIFAWARE.GPIO\ Feature\ PP7\ Cid=1
RIF.RIFAWARE.GPIO\ Feature\ PP7\ Secure=true
RIF.RIFAWARE.GPIO\ Feature\ PP8\ Cid=-
RIF.RIFAWARE.GPIO\ Feature\ PP8\ Secure=false
RIF.RIFAWARE.GPIO\ Feature\ PP9\ Cid=-
RIF.RIFAWARE.GPIO\ Feature\ PP9\ Secure=false
RIF.RIFAWARE.GPIO\ Feature\ PQ0\ Appli=true
RIF.RIFAWARE.GPIO\ Feature\ PQ0\ Cid=1
RIF.RIFAWARE.GPIO\ Feature\ PQ0\ Secure=true
RIF.RIFAWARE.GPIO\ Feature\ PQ1\ Appli=true
RIF.RIFAWARE.GPIO\ Feature\ PQ1\ Cid=1
RIF.RIFAWARE.GPIO\ Feature\ PQ1\ Secure=true
RIF.RIFAWARE.GPIO\ Feature\ PQ2\ Appli=true
RIF.RIFAWARE.GPIO\ Feature\ PQ2\ Cid=1
RIF.RIFAWARE.GPIO\ Feature\ PQ2\ Secure=true
RIF.RIFAWARE.GPIO\ Feature\ PQ3\ Appli=true
RIF.RIFAWARE.GPIO\ Feature\ PQ3\ Cid=1
RIF.RIFAWARE.GPIO\ Feature\ PQ3\ Secure=true
RIF.RIFAWARE.GPIO\ Feature\ PQ4\ Appli=true
RIF.RIFAWARE.GPIO\ Feature\ PQ4\ Cid=1
RIF.RIFAWARE.GPIO\ Feature\ PQ4\ Secure=true
RIF.RIFAWARE.GPIO\ Feature\ PQ5\ Appli=true
RIF.RIFAWARE.GPIO\ Feature\ PQ5\ Cid=1
RIF.RIFAWARE.GPIO\ Feature\ PQ5\ Secure=true
RIF.RIFAWARE.GPIO\ Feature\ PQ6\ Appli=true
RIF.RIFAWARE.GPIO\ Feature\ PQ6\ Cid=1
RIF.RIFAWARE.GPIO\ Feature\ PQ6\ Secure=true
RIF.RIFAWARE.GPIO\ Feature\ PQ7\ Appli=true
RIF.RIFAWARE.GPIO\ Feature\ PQ7\ Cid=1
RIF.RIFAWARE.GPIO\ Feature\ PQ7\ Secure=true
RIF.RIFAWARE.HPDMA1\ Feature\ HPDMA1\ channel\ 0\ Cid=-
RIF.RIFAWARE.HPDMA1\ Feature\ HPDMA1\ channel\ 0\ Privilege=true
RIF.RIFAWARE.HPDMA1\ Feature\ HPDMA1\ channel\ 0\ Secure=false
RIF.RIFAWARE.HPDMA1\ Feature\ HPDMA1\ channel\ 1\ Cid=-
RIF.RIFAWARE.HPDMA1\ Feature\ HPDMA1\ channel\ 1\ Privilege=true
RIF.RIFAWARE.HPDMA1\ Feature\ HPDMA1\ channel\ 1\ Secure=false
RIF.RIFAWARE.HPDMA1\ Feature\ HPDMA1\ channel\ 10\ Cid=-
RIF.RIFAWARE.HPDMA1\ Feature\ HPDMA1\ channel\ 10\ Privilege=true
RIF.RIFAWARE.HPDMA1\ Feature\ HPDMA1\ channel\ 10\ Secure=false
RIF.RIFAWARE.HPDMA1\ Feature\ HPDMA1\ channel\ 11\ Cid=-
RIF.RIFAWARE.HPDMA1\ Feature\ HPDMA1\ channel\ 11\ Privilege=true
RIF.RIFAWARE.HPDMA1\ Feature\ HPDMA1\ channel\ 11\ Secure=false
RIF.RIFAWARE.HPDMA1\ Feature\ HPDMA1\ channel\ 12\ Cid=-
RIF.RIFAWARE.HPDMA1\ Feature\ HPDMA1\ channel\ 12\ Privilege=true
RIF.RIFAWARE.HPDMA1\ Feature\ HPDMA1\ channel\ 12\ Secure=false
RIF.RIFAWARE.HPDMA1\ Feature\ HPDMA1\ channel\ 13\ Cid=-
RIF.RIFAWARE.HPDMA1\ Feature\ HPDMA1\ channel\ 13\ Privilege=true
RIF.RIFAWARE.HPDMA1\ Feature\ HPDMA1\ channel\ 13\ Secure=false
RIF.RIFAWARE.HPDMA1\ Feature\ HPDMA1\ channel\ 14\ Cid=-
RIF.RIFAWARE.HPDMA1\ Feature\ HPDMA1\ channel\ 14\ Privilege=true
RIF.RIFAWARE.HPDMA1\ Feature\ HPDMA1\ channel\ 14\ Secure=false
RIF.RIFAWARE.HPDMA1\ Feature\ HPDMA1\ channel\ 15\ Cid=-
RIF.RIFAWARE.HPDMA1\ Feature\ HPDMA1\ channel\ 15\ Privilege=true
RIF.RIFAWARE.HPDMA1\ Feature\ HPDMA1\ channel\ 15\ Secure=false
RIF.RIFAWARE.HPDMA1\ Feature\ HPDMA1\ channel\ 2\ Cid=-
RIF.RIFAWARE.HPDMA1\ Feature\ HPDMA1\ channel\ 2\ Privilege=true
RIF.RIFAWARE.HPDMA1\ Feature\ HPDMA1\ channel\ 2\ Secure=false
RIF.RIFAWARE.HPDMA1\ Feature\ HPDMA1\ channel\ 3\ Cid=-
RIF.RIFAWARE.HPDMA1\ Feature\ HPDMA1\ channel\ 3\ Privilege=true
RIF.RIFAWARE.HPDMA1\ Feature\ HPDMA1\ channel\ 3\ Secure=false
RIF.RIFAWARE.HPDMA1\ Feature\ HPDMA1\ channel\ 4\ Cid=-
RIF.RIFAWARE.HPDMA1\ Feature\ HPDMA1\ channel\ 4\ Privilege=true
RIF.RIFAWARE.HPDMA1\ Feature\ HPDMA1\ channel\ 4\ Secure=false
RIF.RIFAWARE.HPDMA1\ Feature\ HPDMA1\ channel\ 5\ Cid=-
RIF.RIFAWARE.HPDMA1\ Feature\ HPDMA1\ channel\ 5\ Privilege=true
RIF.RIFAWARE.HPDMA1\ Feature\ HPDMA1\ channel\ 5\ Secure=false
RIF.RIFAWARE.HPDMA1\ Feature\ HPDMA1\ channel\ 6\ Cid=-
RIF.RIFAWARE.HPDMA1\ Feature\ HPDMA1\ channel\ 6\ Privilege=true
RIF.RIFAWARE.HPDMA1\ Feature\ HPDMA1\ channel\ 6\ Secure=false
RIF.RIFAWARE.HPDMA1\ Feature\ HPDMA1\ channel\ 7\ Cid=-
RIF.RIFAWARE.HPDMA1\ Feature\ HPDMA1\ channel\ 7\ Privilege=true
RIF.RIFAWARE.HPDMA1\ Feature\ HPDMA1\ channel\ 7\ Secure=false
RIF.RIFAWARE.HPDMA1\ Feature\ HPDMA1\ channel\ 8\ Cid=-
RIF.RIFAWARE.HPDMA1\ Feature\ HPDMA1\ channel\ 8\ Privilege=true
RIF.RIFAWARE.HPDMA1\ Feature\ HPDMA1\ channel\ 8\ Secure=false
RIF.RIFAWARE.HPDMA1\ Feature\ HPDMA1\ channel\ 9\ Cid=-
RIF.RIFAWARE.HPDMA1\ Feature\ HPDMA1\ channel\ 9\ Privilege=true
RIF.RIFAWARE.HPDMA1\ Feature\ HPDMA1\ channel\ 9\ Secure=false
RIF.RIFAWARE.LTDC\ Feature\ LTDC_L1\ Appli=true
RIF.RIFAWARE.LTDC\ Feature\ LTDC_L1\ Cid=1
RIF.RIFAWARE.LTDC\ Feature\ LTDC_L1\ Secure=true
RIF.RIFAWARE.LTDC\ Feature\ LTDC_L2\ Cid=-
RIF.RIFAWARE.LTDC\ Feature\ LTDC_L2\ Secure=false
RIF.RIFAWARE.PWR\ Feature\ Backup\ domain\ protection\ Cid=-
RIF.RIFAWARE.PWR\ Feature\ Backup\ domain\ protection\ Secure=false
RIF.RIFAWARE.PWR\ Feature\ CPU\ power\ control\ protection\ Cid=-
RIF.RIFAWARE.PWR\ Feature\ CPU\ power\ control\ protection\ Secure=false
RIF.RIFAWARE.PWR\ Feature\ I-TCM,\ D-TCM,\ and\ I-TCM\ FLEXMEM\ low\ power\ control\ protection\ Cid=-
RIF.RIFAWARE.PWR\ Feature\ I-TCM,\ D-TCM,\ and\ I-TCM\ FLEXMEM\ low\ power\ control\ protection\ Secure=false
RIF.RIFAWARE.PWR\ Feature\ Peripheral\ voltage\ monitor\ protection\ Cid=-
RIF.RIFAWARE.PWR\ Feature\ Peripheral\ voltage\ monitor\ protection\ Secure=false
RIF.RIFAWARE.PWR\ Feature\ Programmable\ voltage\ detector\ protection\ Cid=-
RIF.RIFAWARE.PWR\ Feature\ Programmable\ voltage\ detector\ protection\ Secure=false
RIF.RIFAWARE.PWR\ Feature\ System\ supply\ configuration\ protection\ Appli=true
RIF.RIFAWARE.PWR\ Feature\ System\ supply\ configuration\ protection\ Cid=1
RIF.RIFAWARE.PWR\ Feature\ System\ supply\ configuration\ protection\ Secure=true
RIF.RIFAWARE.PWR\ Feature\ VDDCORE\ monitor\ protection\ Cid=-
RIF.RIFAWARE.PWR\ Feature\ VDDCORE\ monitor\ protection\ Secure=false
RIF.RIFAWARE.PWR\ Feature\ Voltage\ scaling\ selection\ protection\ Cid=-
RIF.RIFAWARE.PWR\ Feature\ Voltage\ scaling\ selection\ protection\ Secure=false
RIF.RIFAWARE.PWR\ Feature\ WKUP1\ pin\ protection\ Cid=-
RIF.RIFAWARE.PWR\ Feature\ WKUP1\ pin\ protection\ Secure=false
RIF.RIFAWARE.PWR\ Feature\ WKUP2\ pin\ protection\ Cid=-
RIF.RIFAWARE.PWR\ Feature\ WKUP2\ pin\ protection\ Secure=false
RIF.RIFAWARE.PWR\ Feature\ WKUP3\ pin\ protection\ Cid=-
RIF.RIFAWARE.PWR\ Feature\ WKUP3\ pin\ protection\ Secure=false
RIF.RIFAWARE.PWR\ Feature\ WKUP4\ pin\ protection\ Cid=-
RIF.RIFAWARE.PWR\ Feature\ WKUP4\ pin\ protection\ Secure=false
RIF.RIFAWARE.RCC\ Feature\ Protection\ of\ BUS\ system\ configuration\ bits\ Cid=-
RIF.RIFAWARE.RCC\ Feature\ Protection\ of\ BUS\ system\ configuration\ bits\ Secure=false
RIF.RIFAWARE.RCC\ Feature\ Protection\ of\ DFT\ system\ configuration\ bits\ Cid=-
RIF.RIFAWARE.RCC\ Feature\ Protection\ of\ DFT\ system\ configuration\ bits\ Secure=false
RIF.RIFAWARE.RCC\ Feature\ Protection\ of\ IC1\ divider\ configuration\ bits\ Cid=-
RIF.RIFAWARE.RCC\ Feature\ Protection\ of\ IC1\ divider\ configuration\ bits\ Secure=false
RIF.RIFAWARE.RCC\ Feature\ Protection\ of\ IC10\ divider\ configuration\ bits\ Cid=-
RIF.RIFAWARE.RCC\ Feature\ Protection\ of\ IC10\ divider\ configuration\ bits\ Secure=false
RIF.RIFAWARE.RCC\ Feature\ Protection\ of\ IC11\ divider\ configuration\ bits\ Cid=-
RIF.RIFAWARE.RCC\ Feature\ Protection\ of\ IC11\ divider\ configuration\ bits\ Secure=false
RIF.RIFAWARE.RCC\ Feature\ Protection\ of\ IC12\ divider\ configuration\ bits\ Cid=-
RIF.RIFAWARE.RCC\ Feature\ Protection\ of\ IC12\ divider\ configuration\ bits\ Secure=false
RIF.RIFAWARE.RCC\ Feature\ Protection\ of\ IC13\ divider\ configuration\ bits\ Cid=-
RIF.RIFAWARE.RCC\ Feature\ Protection\ of\ IC13\ divider\ configuration\ bits\ Secure=false
RIF.RIFAWARE.RCC\ Feature\ Protection\ of\ IC14\ divider\ configuration\ bits\ Cid=-
RIF.RIFAWARE.RCC\ Feature\ Protection\ of\ IC14\ divider\ configuration\ bits\ Secure=false
RIF.RIFAWARE.RCC\ Feature\ Protection\ of\ IC15\ divider\ configuration\ bits\ Cid=-
RIF.RIFAWARE.RCC\ Feature\ Protection\ of\ IC15\ divider\ configuration\ bits\ Secure=false
RIF.RIFAWARE.RCC\ Feature\ Protection\ of\ IC16\ divider\ configuration\ bits\ Cid=-
RIF.RIFAWARE.RCC\ Feature\ Protection\ of\ IC16\ divider\ configuration\ bits\ Secure=false
RIF.RIFAWARE.RCC\ Feature\ Protection\ of\ IC17\ divider\ configuration\ bits\ Cid=-
RIF.RIFAWARE.RCC\ Feature\ Protection\ of\ IC17\ divider\ configuration\ bits\ Secure=false
RIF.RIFAWARE.RCC\ Feature\ Protection\ of\ IC18\ divider\ configuration\ bits\ Cid=-
RIF.RIFAWARE.RCC\ Feature\ Protection\ of\ IC18\ divider\ configuration\ bits\ Secure=false
RIF.RIFAWARE.RCC\ Feature\ Protection\ of\ IC19\ divider\ configuration\ bits\ Cid=-
RIF.RIFAWARE.RCC\ Feature\ Protection\ of\ IC19\ divider\ configuration\ bits\ Secure=false
RIF.RIFAWARE.RCC\ Feature\ Protection\ of\ IC2\ divider\ configuration\ bits\ Cid=-
RIF.RIFAWARE.RCC\ Feature\ Protection\ of\ IC2\ divider\ configuration\ bits\ Secure=false
RIF.RIFAWARE.RCC\ Feature\ Protection\ of\ IC20\ divider\ configuration\ bits\ Cid=-
RIF.RIFAWARE.RCC\ Feature\ Protection\ of\ IC20\ divider\ configuration\ bits\ Secure=false
RIF.RIFAWARE.RCC\ Feature\ Protection\ of\ IC3\ divider\ configuration\ bits\ Cid=-
RIF.RIFAWARE.RCC\ Feature\ Protection\ of\ IC3\ divider\ configuration\ bits\ Secure=false
RIF.RIFAWARE.RCC\ Feature\ Protection\ of\ IC4\ divider\ configuration\ bits\ Cid=-
RIF.RIFAWARE.RCC\ Feature\ Protection\ of\ IC4\ divider\ configuration\ bits\ Secure=false
RIF.RIFAWARE.RCC\ Feature\ Protection\ of\ IC5\ divider\ configuration\ bits\ Cid=-
RIF.RIFAWARE.RCC\ Feature\ Protection\ of\ IC5\ divider\ configuration\ bits\ Secure=false
RIF.RIFAWARE.RCC\ Feature\ Protection\ of\ IC6\ divider\ configuration\ bits\ Cid=-
RIF.RIFAWARE.RCC\ Feature\ Protection\ of\ IC6\ divider\ configuration\ bits\ Secure=false
RIF.RIFAWARE.RCC\ Feature\ Protection\ of\ IC7\ divider\ configuration\ bits\ Cid=-
RIF.RIFAWARE.RCC\ Feature\ Protection\ of\ IC7\ divider\ configuration\ bits\ Secure=false
RIF.RIFAWARE.RCC\ Feature\ Protection\ of\ IC8\ divider\ configuration\ bits\ Cid=-
RIF.RIFAWARE.RCC\ Feature\ Protection\ of\ IC8\ divider\ configuration\ bits\ Secure=false
RIF.RIFAWARE.RCC\ Feature\ Protection\ of\ IC9\ divider\ configuration\ bits\ Cid=-
RIF.RIFAWARE.RCC\ Feature\ Protection\ of\ IC9\ divider\ configuration\ bits\ Secure=false
RIF.RIFAWARE.RCC\ Feature\ Protection\ of\ INT\ system\ configuration\ bits\ Cid=-
RIF.RIFAWARE.RCC\ Feature\ Protection\ of\ INT\ system\ configuration\ bits\ Secure=false
RIF.RIFAWARE.RCC\ Feature\ Protection\ of\ MOD\ system\ configuration\ bits\ Cid=-
RIF.RIFAWARE.RCC\ Feature\ Protection\ of\ MOD\ system\ configuration\ bits\ Secure=false
RIF.RIFAWARE.RCC\ Feature\ Protection\ of\ PER\ system\ configuration\ bits\ Cid=-
RIF.RIFAWARE.RCC\ Feature\ Protection\ of\ PER\ system\ configuration\ bits\ Secure=false
RIF.RIFAWARE.RCC\ Feature\ Protection\ of\ PLL1\ configuration\ bits\u200B\ Cid=-
RIF.RIFAWARE.RCC\ Feature\ Protection\ of\ PLL1\ configuration\ bits\u200B\ Secure=false
RIF.RIFAWARE.RCC\ Feature\ Protection\ of\ PLL2\ configuration\ bits\ Cid=-
RIF.RIFAWARE.RCC\ Feature\ Protection\ of\ PLL2\ configuration\ bits\ Secure=false
RIF.RIFAWARE.RCC\ Feature\ Protection\ of\ PLL3\ configuration\ bits\ Cid=-
RIF.RIFAWARE.RCC\ Feature\ Protection\ of\ PLL3\ configuration\ bits\ Secure=false
RIF.RIFAWARE.RCC\ Feature\ Protection\ of\ PLL4\ configuration\ bits\ Cid=-
RIF.RIFAWARE.RCC\ Feature\ Protection\ of\ PLL4\ configuration\ bits\ Secure=false
RIF.RIFAWARE.RCC\ Feature\ Protection\ of\ RST\ system\ configuration\ bits\ Cid=-
RIF.RIFAWARE.RCC\ Feature\ Protection\ of\ RST\ system\ configuration\ bits\ Secure=false
RIF.RIFAWARE.RCC\ Feature\ Protection\ of\ SYS\ system\ configuration\ bit\ Cid=-
RIF.RIFAWARE.RCC\ Feature\ Protection\ of\ SYS\ system\ configuration\ bit\ Secure=false
RIF.RIFAWARE.RCC\ Feature\ protection\ of\ ACLKN\ bus\ configuration\ bits\ Cid=-
RIF.RIFAWARE.RCC\ Feature\ protection\ of\ ACLKN\ bus\ configuration\ bits\ Secure=false
RIF.RIFAWARE.RCC\ Feature\ protection\ of\ ACLKNC\ bus\ configuration\ bits\ Cid=-
RIF.RIFAWARE.RCC\ Feature\ protection\ of\ ACLKNC\ bus\ configuration\ bits\ Secure=false
RIF.RIFAWARE.RCC\ Feature\ protection\ of\ AHB1\ bus\ configuration\ bits\ Cid=-
RIF.RIFAWARE.RCC\ Feature\ protection\ of\ AHB1\ bus\ configuration\ bits\ Secure=false
RIF.RIFAWARE.RCC\ Feature\ protection\ of\ AHB2\ bus\ configuration\ bits\ Cid=-
RIF.RIFAWARE.RCC\ Feature\ protection\ of\ AHB2\ bus\ configuration\ bits\ Secure=false
RIF.RIFAWARE.RCC\ Feature\ protection\ of\ AHB3\ bus\ configuration\ bits\ Cid=-
RIF.RIFAWARE.RCC\ Feature\ protection\ of\ AHB3\ bus\ configuration\ bits\ Secure=false
RIF.RIFAWARE.RCC\ Feature\ protection\ of\ AHB4\ bus\ configuration\ bits\ Cid=-
RIF.RIFAWARE.RCC\ Feature\ protection\ of\ AHB4\ bus\ configuration\ bits\ Secure=false
RIF.RIFAWARE.RCC\ Feature\ protection\ of\ AHB5\ bus\ configuration\ bits\ Cid=-
RIF.RIFAWARE.RCC\ Feature\ protection\ of\ AHB5\ bus\ configuration\ bits\ Secure=false
RIF.RIFAWARE.RCC\ Feature\ protection\ of\ AHBM\ bus\ configuration\ bits\ Cid=-
RIF.RIFAWARE.RCC\ Feature\ protection\ of\ AHBM\ bus\ configuration\ bits\ Secure=false
RIF.RIFAWARE.RCC\ Feature\ protection\ of\ APB1\ bus\ configuration\ bits\ Cid=-
RIF.RIFAWARE.RCC\ Feature\ protection\ of\ APB1\ bus\ configuration\ bits\ Secure=false
RIF.RIFAWARE.RCC\ Feature\ protection\ of\ APB2\ bus\ configuration\ bits\ Cid=-
RIF.RIFAWARE.RCC\ Feature\ protection\ of\ APB2\ bus\ configuration\ bits\ Secure=false
RIF.RIFAWARE.RCC\ Feature\ protection\ of\ APB3\ bus\ configuration\ bits\ Cid=-
RIF.RIFAWARE.RCC\ Feature\ protection\ of\ APB3\ bus\ configuration\ bits\ Secure=false
RIF.RIFAWARE.RCC\ Feature\ protection\ of\ APB4\ bus\ configuration\ bits\ Cid=-
RIF.RIFAWARE.RCC\ Feature\ protection\ of\ APB4\ bus\ configuration\ bits\ Secure=false
RIF.RIFAWARE.RCC\ Feature\ protection\ of\ APB5\ bus\ configuration\ bits\ Cid=-
RIF.RIFAWARE.RCC\ Feature\ protection\ of\ APB5\ bus\ configuration\ bits\ Secure=false
RIF.RIFAWARE.RCC\ Feature\ protection\ of\ NOC\ bus\ configuration\ bits\ Cid=-
RIF.RIFAWARE.RCC\ Feature\ protection\ of\ NOC\ bus\ configuration\ bits\ Secure=false
RIF.RIFAWARE.RTC\ Feature\ Alarm\ A\ and\ SSR\ underflow\ protection\u200B\ Cid=-
RIF.RIFAWARE.RTC\ Feature\ Alarm\ A\ and\ SSR\ underflow\ protection\u200B\ Secure=false
RIF.RIFAWARE.RTC\ Feature\ Alarm\ B\ protection\ Cid=-
RIF.RIFAWARE.RTC\ Feature\ Alarm\ B\ protection\ Secure=false
RIF.RIFAWARE.RTC\ Feature\ Initialization\ protection\ Cid=-
RIF.RIFAWARE.RTC\ Feature\ Initialization\ protection\ Secure=false
RIF.RIFAWARE.RTC\ Feature\ RTC\ global\ protection\ Cid=-
RIF.RIFAWARE.RTC\ Feature\ RTC\ global\ protection\ Secure=false
RIF.RIFAWARE.RTC\ Feature\ Shift\ register,\ daylight\ saving,\ calibration\ and\ reference\ clock\ protection\ Cid=-
RIF.RIFAWARE.RTC\ Feature\ Shift\ register,\ daylight\ saving,\ calibration\ and\ reference\ clock\ protection\ Secure=false
RIF.RIFAWARE.RTC\ Feature\ Timestamp\ protection\ Cid=-
RIF.RIFAWARE.RTC\ Feature\ Timestamp\ protection\ Secure=false
RIF.RIFAWARE.RTC\ Feature\ Wake-up\ timer\ protection\ Cid=-
RIF.RIFAWARE.RTC\ Feature\ Wake-up\ timer\ protection\ Secure=false
RIF.RISUP.DCMIPP.Privilege=true
RIF.RISUP.DMA2D.Privilege=true
RIF.RISUP.LTDC_L1.Privilege=true
RIF.RISUP.SDMMC2.Privilege=true
RIF.SDMMC1_CID_RIMU=0
RIF.SDMMC2_CID_RIMU=1
RIF.VENC_CID_RIMU=0
RIF.default_config=false
SAI1.ActiveFrameLength-SAI_A_Master=1
SAI1.ActiveFrameLength-SAI_B_SyncSlave=1
SAI1.AudioFrequency-SAI_A_Master=SAI_AUDIO_FREQUENCY_48K
SAI1.AudioMode-SAI_A_Master=SAI_MODEMASTER_RX
SAI1.ClockStrobing-SAI_A_Master=SAI_CLOCKSTROBING_FALLINGEDGE
SAI1.DataSize-SAI_A_Master=SAI_DATASIZE_16
SAI1.DataSize-SAI_B_SyncSlave=SAI_DATASIZE_16
SAI1.ErrorAudioFreq-SAI_A_Master=0 %
SAI1.FIFOThreshold-SAI_A_Master=SAI_FIFOTHRESHOLD_EMPTY
SAI1.FIFOThreshold-SAI_B_SyncSlave=SAI_FIFOTHRESHOLD_EMPTY
SAI1.FSDefinition-SAI_A_Master=SAI_FS_STARTFRAME
SAI1.FSDefinition-SAI_B_SyncSlave=SAI_FS_STARTFRAME
SAI1.FSOffset-SAI_A_Master=SAI_FS_BEFOREFIRSTBIT
SAI1.FSOffset-SAI_B_SyncSlave=SAI_FS_BEFOREFIRSTBIT
SAI1.FSPolarity-SAI_A_Master=SAI_FS_ACTIVE_HIGH
SAI1.FSPolarity-SAI_B_SyncSlave=SAI_FS_ACTIVE_HIGH
SAI1.FrameLength-SAI_A_Master=256
SAI1.FrameLength-SAI_B_SyncSlave=256
SAI1.IPParameters=Instance-SAI_A_Master,VirtualMode-SAI_A_Master,MckOutput-SAI_A_Master,RealAudioFreq-SAI_A_Master,ErrorAudioFreq-SAI_A_Master,AudioMode-SAI_A_Master,DataSize-SAI_A_Master,FrameLength-SAI_A_Master,ActiveFrameLength-SAI_A_Master,FSDefinition-SAI_A_Master,FSPolarity-SAI_A_Master,SlotSize-SAI_A_Master,FSOffset-SAI_A_Master,VirtualSlotActive-SAI_A_Master,SlotActive-SAI_A_Master,SlotNumber-SAI_A_Master,AudioFrequency-SAI_A_Master,ClockStrobing-SAI_A_Master,OutputDrive-SAI_A_Master,FIFOThreshold-SAI_A_Master,Instance-SAI_B_SyncSlave,VirtualMode-SAI_B_SyncSlave,FrameLength-SAI_B_SyncSlave,ActiveFrameLength-SAI_B_SyncSlave,FSDefinition-SAI_B_SyncSlave,FSPolarity-SAI_B_SyncSlave,FSOffset-SAI_B_SyncSlave,SlotSize-SAI_B_SyncSlave,MonoStereoMode-SAI_B_SyncSlave,DataSize-SAI_B_SyncSlave,OutputDrive-SAI_B_SyncSlave,SlotNumber-SAI_B_SyncSlave,FIFOThreshold-SAI_B_SyncSlave,VirtualSlotActive-SAI_B_SyncSlave,SlotActive-SAI_B_SyncSlave
SAI1.Instance-SAI_A_Master=SAI$Index_Block_A
SAI1.Instance-SAI_B_SyncSlave=SAI$Index_Block_B
SAI1.MckOutput-SAI_A_Master=SAI_MCK_OUTPUT_DISABLE
SAI1.MonoStereoMode-SAI_B_SyncSlave=SAI_STEREOMODE
SAI1.OutputDrive-SAI_A_Master=SAI_OUTPUTDRIVE_DISABLE
SAI1.OutputDrive-SAI_B_SyncSlave=SAI_OUTPUTDRIVE_DISABLE
SAI1.RealAudioFreq-SAI_A_Master=48 KHz
SAI1.SlotActive-SAI_A_Master=0x0000FFFF
SAI1.SlotActive-SAI_B_SyncSlave=0x0000FFFF
SAI1.SlotNumber-SAI_A_Master=16
SAI1.SlotNumber-SAI_B_SyncSlave=16
SAI1.SlotSize-SAI_A_Master=SAI_SLOTSIZE_16B
SAI1.SlotSize-SAI_B_SyncSlave=SAI_SLOTSIZE_16B
SAI1.VirtualMode-SAI_A_Master=VM_MASTER
SAI1.VirtualMode-SAI_B_SyncSlave=VM_SLAVE
SAI1.VirtualSlotActive-SAI_A_Master=SAI_SLOTACTIVE_ALL
SAI1.VirtualSlotActive-SAI_B_SyncSlave=SAI_SLOTACTIVE_ALL
SDMMC2.ClockDiv=4
SDMMC2.HardwareFlowControl=SDMMC_HARDWARE_FLOW_CONTROL_ENABLE
SDMMC2.IPParameters=HardwareFlowControl,ClockDiv
USART1.IPParameters=VirtualMode,VirtualMode-Asynchronous
USART1.VirtualMode=VM_ASYNC
USART1.VirtualMode-Asynchronous=VM_ASYNC
VP_DCMIPP_VS_PIPE1.Mode=Pipe 1
VP_DCMIPP_VS_PIPE1.Signal=DCMIPP_VS_PIPE1
VP_DMA2D_VS_DMA2D.Mode=DMA2D_Activate
VP_DMA2D_VS_DMA2D.Signal=DMA2D_VS_DMA2D
VP_PWR_VS_DBSignals.Mode=DisableDeadBatterySignals
VP_PWR_VS_DBSignals.Signal=PWR_VS_DBSignals
VP_PWR_VS_LPOM.Mode=PowerOptimisation
VP_PWR_VS_LPOM.Signal=PWR_VS_LPOM
VP_PWR_VS_PowerVDDIO.Mode=Power_Domain
VP_PWR_VS_PowerVDDIO.Signal=PWR_VS_PowerVDDIO
VP_PWR_VS_SECSignals.Mode=Security/Privilege
VP_PWR_VS_SECSignals.Signal=PWR_VS_SECSignals
VP_RIF_VS_RIF1.Mode=RISUP
VP_RIF_VS_RIF1.Signal=RIF_VS_RIF1
VP_SYS_S_VS_Systick.Mode=SysTick
VP_SYS_S_VS_Systick.Signal=SYS_S_VS_Systick
VP_XSPI1_VS_octo.Mode=hyperbus_mode
VP_XSPI1_VS_octo.Signal=XSPI1_VS_octo
VP_XSPIM_VS_IO.Mode=Direct
VP_XSPIM_VS_IO.Signal=XSPIM_VS_IO
XSPI1.AccessTimeCycle=7
XSPI1.ChipSelectHighTimeCycle=2
XSPI1.ClockPrescaler=1 - 1
XSPI1.FifoThresholdByte=4
XSPI1.IPParameters=FifoThresholdByte,MemorySize,ChipSelectHighTimeCycle,WrapSize,ClockPrescaler,RWRecoveryTimeCycle,AccessTimeCycle,WriteZeroLatency,LatencyMode
XSPI1.LatencyMode=HAL_XSPI_FIXED_LATENCY
XSPI1.MemorySize=HAL_XSPI_SIZE_256MB
XSPI1.RWRecoveryTimeCycle=7
XSPI1.WrapSize=HAL_XSPI_WRAP_32_BYTES
XSPI1.WriteZeroLatency=HAL_XSPI_LATENCY_ON_WRITE
board=custom
